// !$*UTF8*$!
{
	archiveVersion = 1;
	classes = {
	};
	objectVersion = 56;
	objects = {

/* Begin PBXBuildFile section */
		C85036BF29DBF09900374D58 /* AppDelegate.swift in Sources */ = {isa = PBXBuildFile; fileRef = C85036BE29DBF09900374D58 /* AppDelegate.swift */; };
		C85036C129DBF09900374D58 /* ViewController.swift in Sources */ = {isa = PBXBuildFile; fileRef = C85036C029DBF09900374D58 /* ViewController.swift */; };
		C85036C329DBF09A00374D58 /* Assets.xcassets in Resources */ = {isa = PBXBuildFile; fileRef = C85036C229DBF09A00374D58 /* Assets.xcassets */; };
		C85036C629DBF09A00374D58 /* Main.storyboard in Resources */ = {isa = PBXBuildFile; fileRef = C85036C429DBF09A00374D58 /* Main.storyboard */; };
		C85036D229DBF0A400374D58 /* AppDelegate.swift in Sources */ = {isa = PBXBuildFile; fileRef = C85036D129DBF0A400374D58 /* AppDelegate.swift */; };
		C85036D429DBF0A400374D58 /* SceneDelegate.swift in Sources */ = {isa = PBXBuildFile; fileRef = C85036D329DBF0A400374D58 /* SceneDelegate.swift */; };
		C85036D629DBF0A400374D58 /* ViewController.swift in Sources */ = {isa = PBXBuildFile; fileRef = C85036D529DBF0A400374D58 /* ViewController.swift */; };
		C85036D929DBF0A400374D58 /* Main.storyboard in Resources */ = {isa = PBXBuildFile; fileRef = C85036D729DBF0A400374D58 /* Main.storyboard */; };
		C85036DB29DBF0A500374D58 /* Assets.xcassets in Resources */ = {isa = PBXBuildFile; fileRef = C85036DA29DBF0A500374D58 /* Assets.xcassets */; };
		C85036DE29DBF0A500374D58 /* LaunchScreen.storyboard in Resources */ = {isa = PBXBuildFile; fileRef = C85036DC29DBF0A500374D58 /* LaunchScreen.storyboard */; };
		C85036E829DBF0CD00374D58 /* Chameleon in Frameworks */ = {isa = PBXBuildFile; productRef = C85036E729DBF0CD00374D58 /* Chameleon */; };
		C85036EA29DBF0D400374D58 /* Chameleon in Frameworks */ = {isa = PBXBuildFile; productRef = C85036E929DBF0D400374D58 /* Chameleon */; };
		C85036EC29DBF1DE00374D58 /* ThemeInfo.swift in Sources */ = {isa = PBXBuildFile; fileRef = C85036EB29DBF1DE00374D58 /* ThemeInfo.swift */; };
		C85036ED29DBF1DE00374D58 /* ThemeInfo.swift in Sources */ = {isa = PBXBuildFile; fileRef = C85036EB29DBF1DE00374D58 /* ThemeInfo.swift */; };
		C85036EF29DBF3FD00374D58 /* TestColors.swift in Sources */ = {isa = PBXBuildFile; fileRef = C85036EE29DBF3FD00374D58 /* TestColors.swift */; };
		C8BD67BB29E4343600F0ED03 /* TestAppearanceManager.swift in Sources */ = {isa = PBXBuildFile; fileRef = C8BD67BA29E4343600F0ED03 /* TestAppearanceManager.swift */; };
		C8E2D9E929DC4EE800275D08 /* TestColors.swift in Sources */ = {isa = PBXBuildFile; fileRef = C85036EE29DBF3FD00374D58 /* TestColors.swift */; };
		C8E2D9EB29DC816C00275D08 /* NSBox+.swift in Sources */ = {isa = PBXBuildFile; fileRef = C8E2D9EA29DC816C00275D08 /* NSBox+.swift */; };
/* End PBXBuildFile section */

/* Begin PBXFileReference section */
		C85036BB29DBF09900374D58 /* macos.app */ = {isa = PBXFileReference; explicitFileType = wrapper.application; includeInIndex = 0; path = macos.app; sourceTree = BUILT_PRODUCTS_DIR; };
		C85036BE29DBF09900374D58 /* AppDelegate.swift */ = {isa = PBXFileReference; lastKnownFileType = sourcecode.swift; path = AppDelegate.swift; sourceTree = "<group>"; };
		C85036C029DBF09900374D58 /* ViewController.swift */ = {isa = PBXFileReference; lastKnownFileType = sourcecode.swift; path = ViewController.swift; sourceTree = "<group>"; };
		C85036C229DBF09A00374D58 /* Assets.xcassets */ = {isa = PBXFileReference; lastKnownFileType = folder.assetcatalog; path = Assets.xcassets; sourceTree = "<group>"; };
		C85036C529DBF09A00374D58 /* Base */ = {isa = PBXFileReference; lastKnownFileType = file.storyboard; name = Base; path = Base.lproj/Main.storyboard; sourceTree = "<group>"; };
		C85036C729DBF09A00374D58 /* macos.entitlements */ = {isa = PBXFileReference; lastKnownFileType = text.plist.entitlements; path = macos.entitlements; sourceTree = "<group>"; };
		C85036CF29DBF0A400374D58 /* ios.app */ = {isa = PBXFileReference; explicitFileType = wrapper.application; includeInIndex = 0; path = ios.app; sourceTree = BUILT_PRODUCTS_DIR; };
		C85036D129DBF0A400374D58 /* AppDelegate.swift */ = {isa = PBXFileReference; lastKnownFileType = sourcecode.swift; path = AppDelegate.swift; sourceTree = "<group>"; };
		C85036D329DBF0A400374D58 /* SceneDelegate.swift */ = {isa = PBXFileReference; lastKnownFileType = sourcecode.swift; path = SceneDelegate.swift; sourceTree = "<group>"; };
		C85036D529DBF0A400374D58 /* ViewController.swift */ = {isa = PBXFileReference; lastKnownFileType = sourcecode.swift; path = ViewController.swift; sourceTree = "<group>"; };
		C85036D829DBF0A400374D58 /* Base */ = {isa = PBXFileReference; lastKnownFileType = file.storyboard; name = Base; path = Base.lproj/Main.storyboard; sourceTree = "<group>"; };
		C85036DA29DBF0A500374D58 /* Assets.xcassets */ = {isa = PBXFileReference; lastKnownFileType = folder.assetcatalog; path = Assets.xcassets; sourceTree = "<group>"; };
		C85036DD29DBF0A500374D58 /* Base */ = {isa = PBXFileReference; lastKnownFileType = file.storyboard; name = Base; path = Base.lproj/LaunchScreen.storyboard; sourceTree = "<group>"; };
		C85036DF29DBF0A500374D58 /* Info.plist */ = {isa = PBXFileReference; lastKnownFileType = text.plist.xml; path = Info.plist; sourceTree = "<group>"; };
		C85036E529DBF0C200374D58 /* Chameleon */ = {isa = PBXFileReference; lastKnownFileType = wrapper; name = Chameleon; path = ..; sourceTree = "<group>"; };
		C85036EB29DBF1DE00374D58 /* ThemeInfo.swift */ = {isa = PBXFileReference; lastKnownFileType = sourcecode.swift; path = ThemeInfo.swift; sourceTree = "<group>"; };
		C85036EE29DBF3FD00374D58 /* TestColors.swift */ = {isa = PBXFileReference; lastKnownFileType = sourcecode.swift; path = TestColors.swift; sourceTree = "<group>"; };
		C8BD67BA29E4343600F0ED03 /* TestAppearanceManager.swift */ = {isa = PBXFileReference; lastKnownFileType = sourcecode.swift; path = TestAppearanceManager.swift; sourceTree = "<group>"; };
		C8E2D9EA29DC816C00275D08 /* NSBox+.swift */ = {isa = PBXFileReference; lastKnownFileType = sourcecode.swift; path = "NSBox+.swift"; sourceTree = "<group>"; };
/* End PBXFileReference section */

/* Begin PBXFrameworksBuildPhase section */
		C85036B829DBF09900374D58 /* Frameworks */ = {
			isa = PBXFrameworksBuildPhase;
			buildActionMask = 2147483647;
			files = (
				C85036E829DBF0CD00374D58 /* Chameleon in Frameworks */,
			);
			runOnlyForDeploymentPostprocessing = 0;
		};
		C85036CC29DBF0A400374D58 /* Frameworks */ = {
			isa = PBXFrameworksBuildPhase;
			buildActionMask = 2147483647;
			files = (
				C85036EA29DBF0D400374D58 /* Chameleon in Frameworks */,
			);
			runOnlyForDeploymentPostprocessing = 0;
		};
/* End PBXFrameworksBuildPhase section */

/* Begin PBXGroup section */
		C85036B029DBF08300374D58 = {
			isa = PBXGroup;
			children = (
				C85036E429DBF0C200374D58 /* Packages */,
				C85036E329DBF0B300374D58 /* Public */,
				C85036BD29DBF09900374D58 /* macos */,
				C85036D029DBF0A400374D58 /* ios */,
				C85036BC29DBF09900374D58 /* Products */,
				C85036E629DBF0CD00374D58 /* Frameworks */,
			);
			sourceTree = "<group>";
		};
		C85036BC29DBF09900374D58 /* Products */ = {
			isa = PBXGroup;
			children = (
				C85036BB29DBF09900374D58 /* macos.app */,
				C85036CF29DBF0A400374D58 /* ios.app */,
			);
			name = Products;
			sourceTree = "<group>";
		};
		C85036BD29DBF09900374D58 /* macos */ = {
			isa = PBXGroup;
			children = (
				C85036BE29DBF09900374D58 /* AppDelegate.swift */,
				C85036C029DBF09900374D58 /* ViewController.swift */,
				C8E2D9EA29DC816C00275D08 /* NSBox+.swift */,
				C8BD67BA29E4343600F0ED03 /* TestAppearanceManager.swift */,
				C85036C229DBF09A00374D58 /* Assets.xcassets */,
				C85036C429DBF09A00374D58 /* Main.storyboard */,
				C85036C729DBF09A00374D58 /* macos.entitlements */,
			);
			path = macos;
			sourceTree = "<group>";
		};
		C85036D029DBF0A400374D58 /* ios */ = {
			isa = PBXGroup;
			children = (
				C85036D129DBF0A400374D58 /* AppDelegate.swift */,
				C85036D329DBF0A400374D58 /* SceneDelegate.swift */,
				C85036D529DBF0A400374D58 /* ViewController.swift */,
				C85036D729DBF0A400374D58 /* Main.storyboard */,
				C85036DA29DBF0A500374D58 /* Assets.xcassets */,
				C85036DC29DBF0A500374D58 /* LaunchScreen.storyboard */,
				C85036DF29DBF0A500374D58 /* Info.plist */,
			);
			path = ios;
			sourceTree = "<group>";
		};
		C85036E329DBF0B300374D58 /* Public */ = {
			isa = PBXGroup;
			children = (
				C85036EE29DBF3FD00374D58 /* TestColors.swift */,
				C85036EB29DBF1DE00374D58 /* ThemeInfo.swift */,
			);
			path = Public;
			sourceTree = "<group>";
		};
		C85036E429DBF0C200374D58 /* Packages */ = {
			isa = PBXGroup;
			children = (
				C85036E529DBF0C200374D58 /* Chameleon */,
			);
			name = Packages;
			sourceTree = "<group>";
		};
		C85036E629DBF0CD00374D58 /* Frameworks */ = {
			isa = PBXGroup;
			children = (
			);
			name = Frameworks;
			sourceTree = "<group>";
		};
/* End PBXGroup section */

/* Begin PBXNativeTarget section */
		C85036BA29DBF09900374D58 /* macos */ = {
			isa = PBXNativeTarget;
			buildConfigurationList = C85036CA29DBF09A00374D58 /* Build configuration list for PBXNativeTarget "macos" */;
			buildPhases = (
				C85036B729DBF09900374D58 /* Sources */,
				C85036B829DBF09900374D58 /* Frameworks */,
				C85036B929DBF09900374D58 /* Resources */,
			);
			buildRules = (
			);
			dependencies = (
			);
			name = macos;
			packageProductDependencies = (
				C85036E729DBF0CD00374D58 /* Chameleon */,
			);
			productName = macos;
			productReference = C85036BB29DBF09900374D58 /* macos.app */;
			productType = "com.apple.product-type.application";
		};
		C85036CE29DBF0A400374D58 /* ios */ = {
			isa = PBXNativeTarget;
			buildConfigurationList = C85036E029DBF0A500374D58 /* Build configuration list for PBXNativeTarget "ios" */;
			buildPhases = (
				C85036CB29DBF0A400374D58 /* Sources */,
				C85036CC29DBF0A400374D58 /* Frameworks */,
				C85036CD29DBF0A400374D58 /* Resources */,
			);
			buildRules = (
			);
			dependencies = (
			);
			name = ios;
			packageProductDependencies = (
				C85036E929DBF0D400374D58 /* Chameleon */,
			);
			productName = ios;
			productReference = C85036CF29DBF0A400374D58 /* ios.app */;
			productType = "com.apple.product-type.application";
		};
/* End PBXNativeTarget section */

/* Begin PBXProject section */
		C85036B129DBF08300374D58 /* Project object */ = {
			isa = PBXProject;
			attributes = {
				BuildIndependentTargetsInParallel = 1;
				LastSwiftUpdateCheck = 1410;
				LastUpgradeCheck = 1410;
				TargetAttributes = {
					C85036BA29DBF09900374D58 = {
						CreatedOnToolsVersion = 14.1;
					};
					C85036CE29DBF0A400374D58 = {
						CreatedOnToolsVersion = 14.1;
					};
				};
			};
			buildConfigurationList = C85036B429DBF08300374D58 /* Build configuration list for PBXProject "Demos" */;
			compatibilityVersion = "Xcode 14.0";
			developmentRegion = en;
			hasScannedForEncodings = 0;
			knownRegions = (
				en,
				Base,
			);
			mainGroup = C85036B029DBF08300374D58;
			productRefGroup = C85036BC29DBF09900374D58 /* Products */;
			projectDirPath = "";
			projectRoot = "";
			targets = (
				C85036BA29DBF09900374D58 /* macos */,
				C85036CE29DBF0A400374D58 /* ios */,
			);
		};
/* End PBXProject section */

/* Begin PBXResourcesBuildPhase section */
		C85036B929DBF09900374D58 /* Resources */ = {
			isa = PBXResourcesBuildPhase;
			buildActionMask = 2147483647;
			files = (
				C85036C329DBF09A00374D58 /* Assets.xcassets in Resources */,
				C85036C629DBF09A00374D58 /* Main.storyboard in Resources */,
			);
			runOnlyForDeploymentPostprocessing = 0;
		};
		C85036CD29DBF0A400374D58 /* Resources */ = {
			isa = PBXResourcesBuildPhase;
			buildActionMask = 2147483647;
			files = (
				C85036DE29DBF0A500374D58 /* LaunchScreen.storyboard in Resources */,
				C85036DB29DBF0A500374D58 /* Assets.xcassets in Resources */,
				C85036D929DBF0A400374D58 /* Main.storyboard in Resources */,
			);
			runOnlyForDeploymentPostprocessing = 0;
		};
/* End PBXResourcesBuildPhase section */

/* Begin PBXSourcesBuildPhase section */
		C85036B729DBF09900374D58 /* Sources */ = {
			isa = PBXSourcesBuildPhase;
			buildActionMask = 2147483647;
			files = (
				C85036C129DBF09900374D58 /* ViewController.swift in Sources */,
				C85036EF29DBF3FD00374D58 /* TestColors.swift in Sources */,
				C85036EC29DBF1DE00374D58 /* ThemeInfo.swift in Sources */,
				C85036BF29DBF09900374D58 /* AppDelegate.swift in Sources */,
				C8E2D9EB29DC816C00275D08 /* NSBox+.swift in Sources */,
				C8BD67BB29E4343600F0ED03 /* TestAppearanceManager.swift in Sources */,
			);
			runOnlyForDeploymentPostprocessing = 0;
		};
		C85036CB29DBF0A400374D58 /* Sources */ = {
			isa = PBXSourcesBuildPhase;
			buildActionMask = 2147483647;
			files = (
				C8E2D9E929DC4EE800275D08 /* TestColors.swift in Sources */,
				C85036D629DBF0A400374D58 /* ViewController.swift in Sources */,
				C85036ED29DBF1DE00374D58 /* ThemeInfo.swift in Sources */,
				C85036D229DBF0A400374D58 /* AppDelegate.swift in Sources */,
				C85036D429DBF0A400374D58 /* SceneDelegate.swift in Sources */,
			);
			runOnlyForDeploymentPostprocessing = 0;
		};
/* End PBXSourcesBuildPhase section */

/* Begin PBXVariantGroup section */
		C85036C429DBF09A00374D58 /* Main.storyboard */ = {
			isa = PBXVariantGroup;
			children = (
				C85036C529DBF09A00374D58 /* Base */,
			);
			name = Main.storyboard;
			sourceTree = "<group>";
		};
		C85036D729DBF0A400374D58 /* Main.storyboard */ = {
			isa = PBXVariantGroup;
			children = (
				C85036D829DBF0A400374D58 /* Base */,
			);
			name = Main.storyboard;
			sourceTree = "<group>";
		};
		C85036DC29DBF0A500374D58 /* LaunchScreen.storyboard */ = {
			isa = PBXVariantGroup;
			children = (
				C85036DD29DBF0A500374D58 /* Base */,
			);
			name = LaunchScreen.storyboard;
			sourceTree = "<group>";
		};
/* End PBXVariantGroup section */

/* Begin XCBuildConfiguration section */
		C85036B529DBF08300374D58 /* Debug */ = {
			isa = XCBuildConfiguration;
			buildSettings = {
			};
			name = Debug;
		};
		C85036B629DBF08300374D58 /* Release */ = {
			isa = XCBuildConfiguration;
			buildSettings = {
			};
			name = Release;
		};
		C85036C829DBF09A00374D58 /* Debug */ = {
			isa = XCBuildConfiguration;
			buildSettings = {
				ALWAYS_SEARCH_USER_PATHS = NO;
				ASSETCATALOG_COMPILER_APPICON_NAME = AppIcon;
				ASSETCATALOG_COMPILER_GLOBAL_ACCENT_COLOR_NAME = AccentColor;
				CLANG_ANALYZER_NONNULL = YES;
				CLANG_ANALYZER_NUMBER_OBJECT_CONVERSION = YES_AGGRESSIVE;
				CLANG_CXX_LANGUAGE_STANDARD = "gnu++20";
				CLANG_ENABLE_MODULES = YES;
				CLANG_ENABLE_OBJC_ARC = YES;
				CLANG_ENABLE_OBJC_WEAK = YES;
				CLANG_WARN_BLOCK_CAPTURE_AUTORELEASING = YES;
				CLANG_WARN_BOOL_CONVERSION = YES;
				CLANG_WARN_COMMA = YES;
				CLANG_WARN_CONSTANT_CONVERSION = YES;
				CLANG_WARN_DEPRECATED_OBJC_IMPLEMENTATIONS = YES;
				CLANG_WARN_DIRECT_OBJC_ISA_USAGE = YES_ERROR;
				CLANG_WARN_DOCUMENTATION_COMMENTS = YES;
				CLANG_WARN_EMPTY_BODY = YES;
				CLANG_WARN_ENUM_CONVERSION = YES;
				CLANG_WARN_INFINITE_RECURSION = YES;
				CLANG_WARN_INT_CONVERSION = YES;
				CLANG_WARN_NON_LITERAL_NULL_CONVERSION = YES;
				CLANG_WARN_OBJC_IMPLICIT_RETAIN_SELF = YES;
				CLANG_WARN_OBJC_LITERAL_CONVERSION = YES;
				CLANG_WARN_OBJC_ROOT_CLASS = YES_ERROR;
				CLANG_WARN_QUOTED_INCLUDE_IN_FRAMEWORK_HEADER = YES;
				CLANG_WARN_RANGE_LOOP_ANALYSIS = YES;
				CLANG_WARN_STRICT_PROTOTYPES = YES;
				CLANG_WARN_SUSPICIOUS_MOVE = YES;
				CLANG_WARN_UNGUARDED_AVAILABILITY = YES_AGGRESSIVE;
				CLANG_WARN_UNREACHABLE_CODE = YES;
				CLANG_WARN__DUPLICATE_METHOD_MATCH = YES;
				CODE_SIGN_ENTITLEMENTS = macos/macos.entitlements;
				CODE_SIGN_STYLE = Automatic;
				COMBINE_HIDPI_IMAGES = YES;
				COPY_PHASE_STRIP = NO;
				CURRENT_PROJECT_VERSION = 1;
				DEBUG_INFORMATION_FORMAT = dwarf;
				DEVELOPMENT_TEAM = EHNB49T236;
				ENABLE_HARDENED_RUNTIME = YES;
				ENABLE_STRICT_OBJC_MSGSEND = YES;
				ENABLE_TESTABILITY = YES;
				GCC_C_LANGUAGE_STANDARD = gnu11;
				GCC_DYNAMIC_NO_PIC = NO;
				GCC_NO_COMMON_BLOCKS = YES;
				GCC_OPTIMIZATION_LEVEL = 0;
				GCC_PREPROCESSOR_DEFINITIONS = (
					"DEBUG=1",
					"$(inherited)",
				);
				GCC_WARN_64_TO_32_BIT_CONVERSION = YES;
				GCC_WARN_ABOUT_RETURN_TYPE = YES_ERROR;
				GCC_WARN_UNDECLARED_SELECTOR = YES;
				GCC_WARN_UNINITIALIZED_AUTOS = YES_AGGRESSIVE;
				GCC_WARN_UNUSED_FUNCTION = YES;
				GCC_WARN_UNUSED_VARIABLE = YES;
				GENERATE_INFOPLIST_FILE = YES;
				INFOPLIST_KEY_NSHumanReadableCopyright = "";
				INFOPLIST_KEY_NSMainStoryboardFile = Main;
				INFOPLIST_KEY_NSPrincipalClass = NSApplication;
				LD_RUNPATH_SEARCH_PATHS = (
					"$(inherited)",
					"@executable_path/../Frameworks",
				);
				MACOSX_DEPLOYMENT_TARGET = 13.0;
				MARKETING_VERSION = 1.0;
				MTL_ENABLE_DEBUG_INFO = INCLUDE_SOURCE;
				MTL_FAST_MATH = YES;
				ONLY_ACTIVE_ARCH = YES;
				PRODUCT_BUNDLE_IDENTIFIER = com.auu.macos;
				PRODUCT_NAME = "$(TARGET_NAME)";
				SDKROOT = macosx;
				SWIFT_ACTIVE_COMPILATION_CONDITIONS = DEBUG;
				SWIFT_EMIT_LOC_STRINGS = YES;
				SWIFT_OPTIMIZATION_LEVEL = "-Onone";
				SWIFT_VERSION = 5.0;
			};
			name = Debug;
		};
		C85036C929DBF09A00374D58 /* Release */ = {
			isa = XCBuildConfiguration;
			buildSettings = {
				ALWAYS_SEARCH_USER_PATHS = NO;
				ASSETCATALOG_COMPILER_APPICON_NAME = AppIcon;
				ASSETCATALOG_COMPILER_GLOBAL_ACCENT_COLOR_NAME = AccentColor;
				CLANG_ANALYZER_NONNULL = YES;
				CLANG_ANALYZER_NUMBER_OBJECT_CONVERSION = YES_AGGRESSIVE;
				CLANG_CXX_LANGUAGE_STANDARD = "gnu++20";
				CLANG_ENABLE_MODULES = YES;
				CLANG_ENABLE_OBJC_ARC = YES;
				CLANG_ENABLE_OBJC_WEAK = YES;
				CLANG_WARN_BLOCK_CAPTURE_AUTORELEASING = YES;
				CLANG_WARN_BOOL_CONVERSION = YES;
				CLANG_WARN_COMMA = YES;
				CLANG_WARN_CONSTANT_CONVERSION = YES;
				CLANG_WARN_DEPRECATED_OBJC_IMPLEMENTATIONS = YES;
				CLANG_WARN_DIRECT_OBJC_ISA_USAGE = YES_ERROR;
				CLANG_WARN_DOCUMENTATION_COMMENTS = YES;
				CLANG_WARN_EMPTY_BODY = YES;
				CLANG_WARN_ENUM_CONVERSION = YES;
				CLANG_WARN_INFINITE_RECURSION = YES;
				CLANG_WARN_INT_CONVERSION = YES;
				CLANG_WARN_NON_LITERAL_NULL_CONVERSION = YES;
				CLANG_WARN_OBJC_IMPLICIT_RETAIN_SELF = YES;
				CLANG_WARN_OBJC_LITERAL_CONVERSION = YES;
				CLANG_WARN_OBJC_ROOT_CLASS = YES_ERROR;
				CLANG_WARN_QUOTED_INCLUDE_IN_FRAMEWORK_HEADER = YES;
				CLANG_WARN_RANGE_LOOP_ANALYSIS = YES;
				CLANG_WARN_STRICT_PROTOTYPES = YES;
				CLANG_WARN_SUSPICIOUS_MOVE = YES;
				CLANG_WARN_UNGUARDED_AVAILABILITY = YES_AGGRESSIVE;
				CLANG_WARN_UNREACHABLE_CODE = YES;
				CLANG_WARN__DUPLICATE_METHOD_MATCH = YES;
				CODE_SIGN_ENTITLEMENTS = macos/macos.entitlements;
				CODE_SIGN_STYLE = Automatic;
				COMBINE_HIDPI_IMAGES = YES;
				COPY_PHASE_STRIP = NO;
				CURRENT_PROJECT_VERSION = 1;
				DEBUG_INFORMATION_FORMAT = "dwarf-with-dsym";
				DEVELOPMENT_TEAM = EHNB49T236;
				ENABLE_HARDENED_RUNTIME = YES;
				ENABLE_NS_ASSERTIONS = NO;
				ENABLE_STRICT_OBJC_MSGSEND = YES;
				GCC_C_LANGUAGE_STANDARD = gnu11;
				GCC_NO_COMMON_BLOCKS = YES;
				GCC_WARN_64_TO_32_BIT_CONVERSION = YES;
				GCC_WARN_ABOUT_RETURN_TYPE = YES_ERROR;
				GCC_WARN_UNDECLARED_SELECTOR = YES;
				GCC_WARN_UNINITIALIZED_AUTOS = YES_AGGRESSIVE;
				GCC_WARN_UNUSED_FUNCTION = YES;
				GCC_WARN_UNUSED_VARIABLE = YES;
				GENERATE_INFOPLIST_FILE = YES;
				INFOPLIST_KEY_NSHumanReadableCopyright = "";
				INFOPLIST_KEY_NSMainStoryboardFile = Main;
				INFOPLIST_KEY_NSPrincipalClass = NSApplication;
				LD_RUNPATH_SEARCH_PATHS = (
					"$(inherited)",
					"@executable_path/../Frameworks",
				);
				MACOSX_DEPLOYMENT_TARGET = 13.0;
				MARKETING_VERSION = 1.0;
				MTL_ENABLE_DEBUG_INFO = NO;
				MTL_FAST_MATH = YES;
				PRODUCT_BUNDLE_IDENTIFIER = com.auu.macos;
				PRODUCT_NAME = "$(TARGET_NAME)";
				SDKROOT = macosx;
				SWIFT_COMPILATION_MODE = wholemodule;
				SWIFT_EMIT_LOC_STRINGS = YES;
				SWIFT_OPTIMIZATION_LEVEL = "-O";
				SWIFT_VERSION = 5.0;
			};
			name = Release;
		};
		C85036E129DBF0A500374D58 /* Debug */ = {
			isa = XCBuildConfiguration;
			buildSettings = {
				ALWAYS_SEARCH_USER_PATHS = NO;
				ASSETCATALOG_COMPILER_APPICON_NAME = AppIcon;
				ASSETCATALOG_COMPILER_GLOBAL_ACCENT_COLOR_NAME = AccentColor;
				CLANG_ANALYZER_NONNULL = YES;
				CLANG_ANALYZER_NUMBER_OBJECT_CONVERSION = YES_AGGRESSIVE;
				CLANG_CXX_LANGUAGE_STANDARD = "gnu++20";
				CLANG_ENABLE_MODULES = YES;
				CLANG_ENABLE_OBJC_ARC = YES;
				CLANG_ENABLE_OBJC_WEAK = YES;
				CLANG_WARN_BLOCK_CAPTURE_AUTORELEASING = YES;
				CLANG_WARN_BOOL_CONVERSION = YES;
				CLANG_WARN_COMMA = YES;
				CLANG_WARN_CONSTANT_CONVERSION = YES;
				CLANG_WARN_DEPRECATED_OBJC_IMPLEMENTATIONS = YES;
				CLANG_WARN_DIRECT_OBJC_ISA_USAGE = YES_ERROR;
				CLANG_WARN_DOCUMENTATION_COMMENTS = YES;
				CLANG_WARN_EMPTY_BODY = YES;
				CLANG_WARN_ENUM_CONVERSION = YES;
				CLANG_WARN_INFINITE_RECURSION = YES;
				CLANG_WARN_INT_CONVERSION = YES;
				CLANG_WARN_NON_LITERAL_NULL_CONVERSION = YES;
				CLANG_WARN_OBJC_IMPLICIT_RETAIN_SELF = YES;
				CLANG_WARN_OBJC_LITERAL_CONVERSION = YES;
				CLANG_WARN_OBJC_ROOT_CLASS = YES_ERROR;
				CLANG_WARN_QUOTED_INCLUDE_IN_FRAMEWORK_HEADER = YES;
				CLANG_WARN_RANGE_LOOP_ANALYSIS = YES;
				CLANG_WARN_STRICT_PROTOTYPES = YES;
				CLANG_WARN_SUSPICIOUS_MOVE = YES;
				CLANG_WARN_UNGUARDED_AVAILABILITY = YES_AGGRESSIVE;
				CLANG_WARN_UNREACHABLE_CODE = YES;
				CLANG_WARN__DUPLICATE_METHOD_MATCH = YES;
				CODE_SIGN_STYLE = Automatic;
				COPY_PHASE_STRIP = NO;
				CURRENT_PROJECT_VERSION = 1;
				DEBUG_INFORMATION_FORMAT = dwarf;
				DEVELOPMENT_TEAM = EHNB49T236;
				ENABLE_STRICT_OBJC_MSGSEND = YES;
				ENABLE_TESTABILITY = YES;
				GCC_C_LANGUAGE_STANDARD = gnu11;
				GCC_DYNAMIC_NO_PIC = NO;
				GCC_NO_COMMON_BLOCKS = YES;
				GCC_OPTIMIZATION_LEVEL = 0;
				GCC_PREPROCESSOR_DEFINITIONS = (
					"DEBUG=1",
					"$(inherited)",
				);
				GCC_WARN_64_TO_32_BIT_CONVERSION = YES;
				GCC_WARN_ABOUT_RETURN_TYPE = YES_ERROR;
				GCC_WARN_UNDECLARED_SELECTOR = YES;
				GCC_WARN_UNINITIALIZED_AUTOS = YES_AGGRESSIVE;
				GCC_WARN_UNUSED_FUNCTION = YES;
				GCC_WARN_UNUSED_VARIABLE = YES;
				GENERATE_INFOPLIST_FILE = YES;
				INFOPLIST_FILE = ios/Info.plist;
				INFOPLIST_KEY_UIApplicationSupportsIndirectInputEvents = YES;
				INFOPLIST_KEY_UILaunchStoryboardName = LaunchScreen;
				INFOPLIST_KEY_UIMainStoryboardFile = Main;
				INFOPLIST_KEY_UISupportedInterfaceOrientations_iPad = "UIInterfaceOrientationPortrait UIInterfaceOrientationPortraitUpsideDown UIInterfaceOrientationLandscapeLeft UIInterfaceOrientationLandscapeRight";
				INFOPLIST_KEY_UISupportedInterfaceOrientations_iPhone = "UIInterfaceOrientationPortrait UIInterfaceOrientationLandscapeLeft UIInterfaceOrientationLandscapeRight";
				IPHONEOS_DEPLOYMENT_TARGET = 16.1;
				LD_RUNPATH_SEARCH_PATHS = (
					"$(inherited)",
					"@executable_path/Frameworks",
				);
				MARKETING_VERSION = 1.0;
				MTL_ENABLE_DEBUG_INFO = INCLUDE_SOURCE;
				MTL_FAST_MATH = YES;
				ONLY_ACTIVE_ARCH = YES;
				PRODUCT_BUNDLE_IDENTIFIER = com.auu.ios;
				PRODUCT_NAME = "$(TARGET_NAME)";
				SDKROOT = iphoneos;
				SWIFT_ACTIVE_COMPILATION_CONDITIONS = DEBUG;
				SWIFT_EMIT_LOC_STRINGS = YES;
				SWIFT_OPTIMIZATION_LEVEL = "-Onone";
				SWIFT_VERSION = 5.0;
				TARGETED_DEVICE_FAMILY = "1,2";
			};
			name = Debug;
		};
		C85036E229DBF0A500374D58 /* Release */ = {
			isa = XCBuildConfiguration;
			buildSettings = {
				ALWAYS_SEARCH_USER_PATHS = NO;
				ASSETCATALOG_COMPILER_APPICON_NAME = AppIcon;
				ASSETCATALOG_COMPILER_GLOBAL_ACCENT_COLOR_NAME = AccentColor;
				CLANG_ANALYZER_NONNULL = YES;
				CLANG_ANALYZER_NUMBER_OBJECT_CONVERSION = YES_AGGRESSIVE;
				CLANG_CXX_LANGUAGE_STANDARD = "gnu++20";
				CLANG_ENABLE_MODULES = YES;
				CLANG_ENABLE_OBJC_ARC = YES;
				CLANG_ENABLE_OBJC_WEAK = YES;
				CLANG_WARN_BLOCK_CAPTURE_AUTORELEASING = YES;
				CLANG_WARN_BOOL_CONVERSION = YES;
				CLANG_WARN_COMMA = YES;
				CLANG_WARN_CONSTANT_CONVERSION = YES;
				CLANG_WARN_DEPRECATED_OBJC_IMPLEMENTATIONS = YES;
				CLANG_WARN_DIRECT_OBJC_ISA_USAGE = YES_ERROR;
				CLANG_WARN_DOCUMENTATION_COMMENTS = YES;
				CLANG_WARN_EMPTY_BODY = YES;
				CLANG_WARN_ENUM_CONVERSION = YES;
				CLANG_WARN_INFINITE_RECURSION = YES;
				CLANG_WARN_INT_CONVERSION = YES;
				CLANG_WARN_NON_LITERAL_NULL_CONVERSION = YES;
				CLANG_WARN_OBJC_IMPLICIT_RETAIN_SELF = YES;
				CLANG_WARN_OBJC_LITERAL_CONVERSION = YES;
				CLANG_WARN_OBJC_ROOT_CLASS = YES_ERROR;
				CLANG_WARN_QUOTED_INCLUDE_IN_FRAMEWORK_HEADER = YES;
				CLANG_WARN_RANGE_LOOP_ANALYSIS = YES;
				CLANG_WARN_STRICT_PROTOTYPES = YES;
				CLANG_WARN_SUSPICIOUS_MOVE = YES;
				CLANG_WARN_UNGUARDED_AVAILABILITY = YES_AGGRESSIVE;
				CLANG_WARN_UNREACHABLE_CODE = YES;
				CLANG_WARN__DUPLICATE_METHOD_MATCH = YES;
				CODE_SIGN_STYLE = Automatic;
				COPY_PHASE_STRIP = NO;
				CURRENT_PROJECT_VERSION = 1;
				DEBUG_INFORMATION_FORMAT = "dwarf-with-dsym";
				DEVELOPMENT_TEAM = EHNB49T236;
				ENABLE_NS_ASSERTIONS = NO;
				ENABLE_STRICT_OBJC_MSGSEND = YES;
				GCC_C_LANGUAGE_STANDARD = gnu11;
				GCC_NO_COMMON_BLOCKS = YES;
				GCC_WARN_64_TO_32_BIT_CONVERSION = YES;
				GCC_WARN_ABOUT_RETURN_TYPE = YES_ERROR;
				GCC_WARN_UNDECLARED_SELECTOR = YES;
				GCC_WARN_UNINITIALIZED_AUTOS = YES_AGGRESSIVE;
				GCC_WARN_UNUSED_FUNCTION = YES;
				GCC_WARN_UNUSED_VARIABLE = YES;
				GENERATE_INFOPLIST_FILE = YES;
				INFOPLIST_FILE = ios/Info.plist;
				INFOPLIST_KEY_UIApplicationSupportsIndirectInputEvents = YES;
				INFOPLIST_KEY_UILaunchStoryboardName = LaunchScreen;
				INFOPLIST_KEY_UIMainStoryboardFile = Main;
				INFOPLIST_KEY_UISupportedInterfaceOrientations_iPad = "UIInterfaceOrientationPortrait UIInterfaceOrientationPortraitUpsideDown UIInterfaceOrientationLandscapeLeft UIInterfaceOrientationLandscapeRight";
				INFOPLIST_KEY_UISupportedInterfaceOrientations_iPhone = "UIInterfaceOrientationPortrait UIInterfaceOrientationLandscapeLeft UIInterfaceOrientationLandscapeRight";
				IPHONEOS_DEPLOYMENT_TARGET = 16.1;
				LD_RUNPATH_SEARCH_PATHS = (
					"$(inherited)",
					"@executable_path/Frameworks",
				);
				MARKETING_VERSION = 1.0;
				MTL_ENABLE_DEBUG_INFO = NO;
				MTL_FAST_MATH = YES;
				PRODUCT_BUNDLE_IDENTIFIER = com.auu.ios;
				PRODUCT_NAME = "$(TARGET_NAME)";
				SDKROOT = iphoneos;
				SWIFT_COMPILATION_MODE = wholemodule;
				SWIFT_EMIT_LOC_STRINGS = YES;
				SWIFT_OPTIMIZATION_LEVEL = "-O";
				SWIFT_VERSION = 5.0;
				TARGETED_DEVICE_FAMILY = "1,2";
				VALIDATE_PRODUCT = YES;
			};
			name = Release;
		};
/* End XCBuildConfiguration section */

/* Begin XCConfigurationList section */
		C85036B429DBF08300374D58 /* Build configuration list for PBXProject "Demos" */ = {
			isa = XCConfigurationList;
			buildConfigurations = (
				C85036B529DBF08300374D58 /* Debug */,
				C85036B629DBF08300374D58 /* Release */,
			);
			defaultConfigurationIsVisible = 0;
			defaultConfigurationName = Release;
		};
		C85036CA29DBF09A00374D58 /* Build configuration list for PBXNativeTarget "macos" */ = {
			isa = XCConfigurationList;
			buildConfigurations = (
				C85036C829DBF09A00374D58 /* Debug */,
				C85036C929DBF09A00374D58 /* Release */,
			);
			defaultConfigurationIsVisible = 0;
			defaultConfigurationName = Release;
		};
		C85036E029DBF0A500374D58 /* Build configuration list for PBXNativeTarget "ios" */ = {
			isa = XCConfigurationList;
			buildConfigurations = (
				C85036E129DBF0A500374D58 /* Debug */,
				C85036E229DBF0A500374D58 /* Release */,
			);
			defaultConfigurationIsVisible = 0;
			defaultConfigurationName = Release;
		};
/* End XCConfigurationList section */

/* Begin XCSwiftPackageProductDependency section */
		C85036E729DBF0CD00374D58 /* Chameleon */ = {
			isa = XCSwiftPackageProductDependency;
			productName = Chameleon;
		};
		C85036E929DBF0D400374D58 /* Chameleon */ = {
			isa = XCSwiftPackageProductDependency;
			productName = Chameleon;
		};
/* End XCSwiftPackageProductDependency section */
	};
	rootObject = C85036B129DBF08300374D58 /* Project object */;
}
