// !$*UTF8*$!
{
	archiveVersion = 1;
	classes = {
	};
	objectVersion = 46;
	objects = {

/* Begin PBXBuildFile section */
		1C11489820601A8000C11608 /* UIColor+Helper.m in Sources */ = {isa = PBXBuildFile; fileRef = 1C11489720601A8000C11608 /* UIColor+Helper.m */; };
		1C28584E2060A93800E8936F /* AUUSubViewController.m in Sources */ = {isa = PBXBuildFile; fileRef = 1C28584D2060A93800E8936F /* AUUSubViewController.m */; };
		1C5300092065022000827C25 /* DynamicTheme.h in Headers */ = {isa = PBXBuildFile; fileRef = 1C5300072065022000827C25 /* DynamicTheme.h */; settings = {ATTRIBUTES = (Public, ); }; };
		1C53000C2065022000827C25 /* DynamicTheme.framework in Frameworks */ = {isa = PBXBuildFile; fileRef = 1C5300052065022000827C25 /* DynamicTheme.framework */; };
		1C53000D2065022000827C25 /* DynamicTheme.framework in Embed Frameworks */ = {isa = PBXBuildFile; fileRef = 1C5300052065022000827C25 /* DynamicTheme.framework */; settings = {ATTRIBUTES = (CodeSignOnCopy, RemoveHeadersOnCopy, ); }; };
		1C530016206502AF00827C25 /* APPAppearanceManager.h in Headers */ = {isa = PBXBuildFile; fileRef = 1C530014206502AF00827C25 /* APPAppearanceManager.h */; settings = {ATTRIBUTES = (Public, ); }; };
		1C530017206502AF00827C25 /* APPAppearanceManager.m in Sources */ = {isa = PBXBuildFile; fileRef = 1C530015206502AF00827C25 /* APPAppearanceManager.m */; };
		1C530019206502E700827C25 /* APPAppearanceManager+_Private.h in Headers */ = {isa = PBXBuildFile; fileRef = 1C530018206502E700827C25 /* APPAppearanceManager+_Private.h */; settings = {ATTRIBUTES = (Private, ); }; };
		1C530020206505F900827C25 /* NSString+APPAppearance.h in Headers */ = {isa = PBXBuildFile; fileRef = 1C53001E206505F900827C25 /* NSString+APPAppearance.h */; settings = {ATTRIBUTES = (Public, ); }; };
		1C530021206505F900827C25 /* NSString+APPAppearance.m in Sources */ = {isa = PBXBuildFile; fileRef = 1C53001F206505F900827C25 /* NSString+APPAppearance.m */; };
		1C5300242065060C00827C25 /* NSObject+APPAppearance.h in Headers */ = {isa = PBXBuildFile; fileRef = 1C5300222065060C00827C25 /* NSObject+APPAppearance.h */; settings = {ATTRIBUTES = (Public, ); }; };
		1C5300252065060C00827C25 /* NSObject+APPAppearance.m in Sources */ = {isa = PBXBuildFile; fileRef = 1C5300232065060C00827C25 /* NSObject+APPAppearance.m */; };
		1C530028206506AE00827C25 /* UIColor+AUUAppearance.h in Headers */ = {isa = PBXBuildFile; fileRef = 1C530026206506AE00827C25 /* UIColor+AUUAppearance.h */; settings = {ATTRIBUTES = (Public, ); }; };
		1C530029206506AE00827C25 /* UIColor+AUUAppearance.m in Sources */ = {isa = PBXBuildFile; fileRef = 1C530027206506AE00827C25 /* UIColor+AUUAppearance.m */; };
		1C53002C2065071100827C25 /* UIImage+APPAppearance.h in Headers */ = {isa = PBXBuildFile; fileRef = 1C53002A2065071100827C25 /* UIImage+APPAppearance.h */; settings = {ATTRIBUTES = (Public, ); }; };
		1C53002D2065071100827C25 /* UIImage+APPAppearance.m in Sources */ = {isa = PBXBuildFile; fileRef = 1C53002B2065071100827C25 /* UIImage+APPAppearance.m */; };
		1C530030206507E100827C25 /* APPCustomAppearanceModel.h in Headers */ = {isa = PBXBuildFile; fileRef = 1C53002E206507E100827C25 /* APPCustomAppearanceModel.h */; settings = {ATTRIBUTES = (Public, ); }; };
		1C530031206507E100827C25 /* APPCustomAppearanceModel.m in Sources */ = {isa = PBXBuildFile; fileRef = 1C53002F206507E100827C25 /* APPCustomAppearanceModel.m */; };
		1C530033206507EF00827C25 /* APPAppearanceParamProtocol.h in Headers */ = {isa = PBXBuildFile; fileRef = 1C530032206507EF00827C25 /* APPAppearanceParamProtocol.h */; settings = {ATTRIBUTES = (Public, ); }; };
		1C53003620650AD100827C25 /* UIButton+APPAppearance.h in Headers */ = {isa = PBXBuildFile; fileRef = 1C53003420650AD100827C25 /* UIButton+APPAppearance.h */; settings = {ATTRIBUTES = (Public, ); }; };
		1C53003720650AD100827C25 /* UIButton+APPAppearance.m in Sources */ = {isa = PBXBuildFile; fileRef = 1C53003520650AD100827C25 /* UIButton+APPAppearance.m */; };
		1C53003A20650B1A00827C25 /* UIImageView+APPAppearance.h in Headers */ = {isa = PBXBuildFile; fileRef = 1C53003820650B1A00827C25 /* UIImageView+APPAppearance.h */; settings = {ATTRIBUTES = (Public, ); }; };
		1C53003B20650B1A00827C25 /* UIImageView+APPAppearance.m in Sources */ = {isa = PBXBuildFile; fileRef = 1C53003920650B1A00827C25 /* UIImageView+APPAppearance.m */; };
		1C53003E20650B4C00827C25 /* UILabel+APPAppearance.h in Headers */ = {isa = PBXBuildFile; fileRef = 1C53003C20650B4C00827C25 /* UILabel+APPAppearance.h */; settings = {ATTRIBUTES = (Public, ); }; };
		1C53003F20650B4C00827C25 /* UILabel+APPAppearance.m in Sources */ = {isa = PBXBuildFile; fileRef = 1C53003D20650B4C00827C25 /* UILabel+APPAppearance.m */; };
		1C53004220650B7E00827C25 /* UINavigationBar+APPAppearance.h in Headers */ = {isa = PBXBuildFile; fileRef = 1C53004020650B7E00827C25 /* UINavigationBar+APPAppearance.h */; settings = {ATTRIBUTES = (Public, ); }; };
		1C53004320650B7E00827C25 /* UINavigationBar+APPAppearance.m in Sources */ = {isa = PBXBuildFile; fileRef = 1C53004120650B7E00827C25 /* UINavigationBar+APPAppearance.m */; };
		1C53004620650BAE00827C25 /* UISegmentedControl+APPAppearance.h in Headers */ = {isa = PBXBuildFile; fileRef = 1C53004420650BAE00827C25 /* UISegmentedControl+APPAppearance.h */; settings = {ATTRIBUTES = (Public, ); }; };
		1C53004720650BAE00827C25 /* UISegmentedControl+APPAppearance.m in Sources */ = {isa = PBXBuildFile; fileRef = 1C53004520650BAE00827C25 /* UISegmentedControl+APPAppearance.m */; };
		1C53004A20650BE000827C25 /* UISwitch+APPAppearance.h in Headers */ = {isa = PBXBuildFile; fileRef = 1C53004820650BE000827C25 /* UISwitch+APPAppearance.h */; settings = {ATTRIBUTES = (Public, ); }; };
		1C53004B20650BE000827C25 /* UISwitch+APPAppearance.m in Sources */ = {isa = PBXBuildFile; fileRef = 1C53004920650BE000827C25 /* UISwitch+APPAppearance.m */; };
		1C53004E20650C1400827C25 /* UITabBar+APPAppearance.h in Headers */ = {isa = PBXBuildFile; fileRef = 1C53004C20650C1400827C25 /* UITabBar+APPAppearance.h */; settings = {ATTRIBUTES = (Public, ); }; };
		1C53004F20650C1400827C25 /* UITabBar+APPAppearance.m in Sources */ = {isa = PBXBuildFile; fileRef = 1C53004D20650C1400827C25 /* UITabBar+APPAppearance.m */; };
		1C53005220650C4500827C25 /* UITableView+APPAppearance.h in Headers */ = {isa = PBXBuildFile; fileRef = 1C53005020650C4500827C25 /* UITableView+APPAppearance.h */; settings = {ATTRIBUTES = (Public, ); }; };
		1C53005320650C4500827C25 /* UITableView+APPAppearance.m in Sources */ = {isa = PBXBuildFile; fileRef = 1C53005120650C4500827C25 /* UITableView+APPAppearance.m */; };
		1C53005620650C7500827C25 /* UITableViewHeaderFooterView+APPAppearance.h in Headers */ = {isa = PBXBuildFile; fileRef = 1C53005420650C7500827C25 /* UITableViewHeaderFooterView+APPAppearance.h */; settings = {ATTRIBUTES = (Public, ); }; };
		1C53005720650C7500827C25 /* UITableViewHeaderFooterView+APPAppearance.m in Sources */ = {isa = PBXBuildFile; fileRef = 1C53005520650C7500827C25 /* UITableViewHeaderFooterView+APPAppearance.m */; };
		1C53005A20650CA200827C25 /* UITextField+APPAppearance.h in Headers */ = {isa = PBXBuildFile; fileRef = 1C53005820650CA200827C25 /* UITextField+APPAppearance.h */; settings = {ATTRIBUTES = (Public, ); }; };
		1C53005B20650CA200827C25 /* UITextField+APPAppearance.m in Sources */ = {isa = PBXBuildFile; fileRef = 1C53005920650CA200827C25 /* UITextField+APPAppearance.m */; };
		1C53005E20650CCC00827C25 /* UITextView+APPAppearance.h in Headers */ = {isa = PBXBuildFile; fileRef = 1C53005C20650CCC00827C25 /* UITextView+APPAppearance.h */; settings = {ATTRIBUTES = (Public, ); }; };
		1C53005F20650CCC00827C25 /* UITextView+APPAppearance.m in Sources */ = {isa = PBXBuildFile; fileRef = 1C53005D20650CCC00827C25 /* UITextView+APPAppearance.m */; };
		1C53006220650CF300827C25 /* UIToolbar+APPAppearance.h in Headers */ = {isa = PBXBuildFile; fileRef = 1C53006020650CF300827C25 /* UIToolbar+APPAppearance.h */; settings = {ATTRIBUTES = (Public, ); }; };
		1C53006320650CF300827C25 /* UIToolbar+APPAppearance.m in Sources */ = {isa = PBXBuildFile; fileRef = 1C53006120650CF300827C25 /* UIToolbar+APPAppearance.m */; };
		1C53006620650D1E00827C25 /* UIView+APPAppearance.h in Headers */ = {isa = PBXBuildFile; fileRef = 1C53006420650D1E00827C25 /* UIView+APPAppearance.h */; settings = {ATTRIBUTES = (Public, ); }; };
		1C53006720650D1E00827C25 /* UIView+APPAppearance.m in Sources */ = {isa = PBXBuildFile; fileRef = 1C53006520650D1E00827C25 /* UIView+APPAppearance.m */; };
		1CEEF4061E6668DE00EF15C0 /* main.m in Sources */ = {isa = PBXBuildFile; fileRef = 1CEEF4051E6668DE00EF15C0 /* main.m */; };
		1CEEF4091E6668DE00EF15C0 /* AppDelegate.m in Sources */ = {isa = PBXBuildFile; fileRef = 1CEEF4081E6668DE00EF15C0 /* AppDelegate.m */; };
		1CEEF40F1E6668DE00EF15C0 /* Main.storyboard in Resources */ = {isa = PBXBuildFile; fileRef = 1CEEF40D1E6668DE00EF15C0 /* Main.storyboard */; };
		1CEEF4111E6668DE00EF15C0 /* Assets.xcassets in Resources */ = {isa = PBXBuildFile; fileRef = 1CEEF4101E6668DE00EF15C0 /* Assets.xcassets */; };
		1CEEF4141E6668DE00EF15C0 /* LaunchScreen.storyboard in Resources */ = {isa = PBXBuildFile; fileRef = 1CEEF4121E6668DE00EF15C0 /* LaunchScreen.storyboard */; };
		1CEEF4701E666A7100EF15C0 /* HMSegmentedControl+AUUHelper.m in Sources */ = {isa = PBXBuildFile; fileRef = 1CEEF4371E666A7100EF15C0 /* HMSegmentedControl+AUUHelper.m */; };
		1CEEF4711E666A7100EF15C0 /* UIImage+AUUHelper.m in Sources */ = {isa = PBXBuildFile; fileRef = 1CEEF4391E666A7100EF15C0 /* UIImage+AUUHelper.m */; };
		1CEEF4721E666A7100EF15C0 /* AUUThemeInfoTableViewCell.m in Sources */ = {isa = PBXBuildFile; fileRef = 1CEEF43C1E666A7100EF15C0 /* AUUThemeInfoTableViewCell.m */; };
		1CEEF4731E666A7100EF15C0 /* AUUUserTableViewCell.m in Sources */ = {isa = PBXBuildFile; fileRef = 1CEEF43E1E666A7100EF15C0 /* AUUUserTableViewCell.m */; };
		1CEEF4741E666A7100EF15C0 /* AUUUserModel.m in Sources */ = {isa = PBXBuildFile; fileRef = 1CEEF4411E666A7100EF15C0 /* AUUUserModel.m */; };
		1CEEF4751E666A7100EF15C0 /* 1.jpeg in Resources */ = {isa = PBXBuildFile; fileRef = 1CEEF4431E666A7100EF15C0 /* 1.jpeg */; };
		1CEEF4761E666A7100EF15C0 /* 2.jpeg in Resources */ = {isa = PBXBuildFile; fileRef = 1CEEF4441E666A7100EF15C0 /* 2.jpeg */; };
		1CEEF4771E666A7100EF15C0 /* 3.jpeg in Resources */ = {isa = PBXBuildFile; fileRef = 1CEEF4451E666A7100EF15C0 /* 3.jpeg */; };
		1CEEF4781E666A7100EF15C0 /* 4.jpeg in Resources */ = {isa = PBXBuildFile; fileRef = 1CEEF4461E666A7100EF15C0 /* 4.jpeg */; };
		1CEEF4791E666A7100EF15C0 /* 5.jpeg in Resources */ = {isa = PBXBuildFile; fileRef = 1CEEF4471E666A7100EF15C0 /* 5.jpeg */; };
		1CEEF47A1E666A7100EF15C0 /* 6.jpeg in Resources */ = {isa = PBXBuildFile; fileRef = 1CEEF4481E666A7100EF15C0 /* 6.jpeg */; };
		1CEEF47B1E666A7100EF15C0 /* 7.jpeg in Resources */ = {isa = PBXBuildFile; fileRef = 1CEEF4491E666A7100EF15C0 /* 7.jpeg */; };
		1CEEF47C1E666A7100EF15C0 /* 8.jpg in Resources */ = {isa = PBXBuildFile; fileRef = 1CEEF44A1E666A7100EF15C0 /* 8.jpg */; };
		1CEEF47D1E666A7100EF15C0 /* 9.jpg in Resources */ = {isa = PBXBuildFile; fileRef = 1CEEF44B1E666A7100EF15C0 /* 9.jpg */; };
		1CEEF47E1E666A7100EF15C0 /* lightblue.json in Resources */ = {isa = PBXBuildFile; fileRef = 1CEEF44D1E666A7100EF15C0 /* lightblue.json */; };
		1CEEF47F1E666A7100EF15C0 /* lightred.json in Resources */ = {isa = PBXBuildFile; fileRef = 1CEEF44E1E666A7100EF15C0 /* lightred.json */; };
		1CEEF4801E666A7100EF15C0 /* pupurse.json in Resources */ = {isa = PBXBuildFile; fileRef = 1CEEF44F1E666A7100EF15C0 /* pupurse.json */; };
		1CEEF4811E666A7100EF15C0 /* statement.txt in Resources */ = {isa = PBXBuildFile; fileRef = 1CEEF4501E666A7100EF15C0 /* statement.txt */; };
		1CEEF4821E666A7100EF15C0 /* white.json in Resources */ = {isa = PBXBuildFile; fileRef = 1CEEF4511E666A7100EF15C0 /* white.json */; };
		1CEEF4831E666A7100EF15C0 /* AUUTestThemeManager.m in Sources */ = {isa = PBXBuildFile; fileRef = 1CEEF4541E666A7100EF15C0 /* AUUTestThemeManager.m */; };
		1CEEF4841E666A7100EF15C0 /* AUUThemeConstants.m in Sources */ = {isa = PBXBuildFile; fileRef = 1CEEF4561E666A7100EF15C0 /* AUUThemeConstants.m */; };
		1CEEF4851E666A7100EF15C0 /* AUUThemeModel.m in Sources */ = {isa = PBXBuildFile; fileRef = 1CEEF4581E666A7100EF15C0 /* AUUThemeModel.m */; };
		1CEEF4861E666A7100EF15C0 /* AUNavigationController.m in Sources */ = {isa = PBXBuildFile; fileRef = 1CEEF45C1E666A7100EF15C0 /* AUNavigationController.m */; };
		1CEEF4871E666A7100EF15C0 /* AUULoadMoreFooter.m in Sources */ = {isa = PBXBuildFile; fileRef = 1CEEF45E1E666A7100EF15C0 /* AUULoadMoreFooter.m */; };
		1CEEF4881E666A7100EF15C0 /* AUUPagerViewController.m in Sources */ = {isa = PBXBuildFile; fileRef = 1CEEF4601E666A7100EF15C0 /* AUUPagerViewController.m */; };
		1CEEF4891E666A7100EF15C0 /* AUURefreshHeader.m in Sources */ = {isa = PBXBuildFile; fileRef = 1CEEF4621E666A7100EF15C0 /* AUURefreshHeader.m */; };
		1CEEF48A1E666A7100EF15C0 /* AUUTableViewActions.m in Sources */ = {isa = PBXBuildFile; fileRef = 1CEEF4641E666A7100EF15C0 /* AUUTableViewActions.m */; };
		1CEEF48B1E666A7100EF15C0 /* AUUTableViewController.m in Sources */ = {isa = PBXBuildFile; fileRef = 1CEEF4661E666A7100EF15C0 /* AUUTableViewController.m */; };
		1CEEF48C1E666A7100EF15C0 /* AUUMainViewController.m in Sources */ = {isa = PBXBuildFile; fileRef = 1CEEF4691E666A7100EF15C0 /* AUUMainViewController.m */; };
		1CEEF48D1E666A7100EF15C0 /* AUUSettingsViewController.m in Sources */ = {isa = PBXBuildFile; fileRef = 1CEEF46B1E666A7100EF15C0 /* AUUSettingsViewController.m */; };
		1CEEF48E1E666A7100EF15C0 /* AUUThemesListViewController.m in Sources */ = {isa = PBXBuildFile; fileRef = 1CEEF46D1E666A7100EF15C0 /* AUUThemesListViewController.m */; };
		1CEEF48F1E666A7100EF15C0 /* AUUUsersViewController.m in Sources */ = {isa = PBXBuildFile; fileRef = 1CEEF46F1E666A7100EF15C0 /* AUUUsersViewController.m */; };
		1CEEF4971E666A9C00EF15C0 /* HMSegmentedControl.framework in Frameworks */ = {isa = PBXBuildFile; fileRef = 1CEEF4901E666A9C00EF15C0 /* HMSegmentedControl.framework */; };
		1CEEF4981E666A9C00EF15C0 /* Masonry.framework in Frameworks */ = {isa = PBXBuildFile; fileRef = 1CEEF4911E666A9C00EF15C0 /* Masonry.framework */; };
		1CEEF4991E666A9C00EF15C0 /* MJRefresh.framework in Frameworks */ = {isa = PBXBuildFile; fileRef = 1CEEF4921E666A9C00EF15C0 /* MJRefresh.framework */; };
		1CEEF49A1E666A9C00EF15C0 /* Nimbus.framework in Frameworks */ = {isa = PBXBuildFile; fileRef = 1CEEF4931E666A9C00EF15C0 /* Nimbus.framework */; };
		1CEEF49B1E666A9C00EF15C0 /* SDWebImage.framework in Frameworks */ = {isa = PBXBuildFile; fileRef = 1CEEF4941E666A9C00EF15C0 /* SDWebImage.framework */; };
		1CEEF49C1E666A9C00EF15C0 /* THSegmentedPager.framework in Frameworks */ = {isa = PBXBuildFile; fileRef = 1CEEF4951E666A9C00EF15C0 /* THSegmentedPager.framework */; };
		1CEEF49D1E666A9C00EF15C0 /* UIView_Borders.framework in Frameworks */ = {isa = PBXBuildFile; fileRef = 1CEEF4961E666A9C00EF15C0 /* UIView_Borders.framework */; };
		9BC5C47C5EBF12F3E4E63DCF /* Pods_AUUThemeTest.framework in Frameworks */ = {isa = PBXBuildFile; fileRef = DCD773E50507C91EE4883666 /* Pods_AUUThemeTest.framework */; };
		CB4408C0D36845AE905D7325 /* Pods_DynamicTheme.framework in Frameworks */ = {isa = PBXBuildFile; fileRef = 64397871C6972A5B0339F9D6 /* Pods_DynamicTheme.framework */; };
/* End PBXBuildFile section */

/* Begin PBXContainerItemProxy section */
		1C53000A2065022000827C25 /* PBXContainerItemProxy */ = {
			isa = PBXContainerItemProxy;
			containerPortal = 1CEEF3831E66683600EF15C0 /* Project object */;
			proxyType = 1;
			remoteGlobalIDString = 1C5300042065022000827C25;
			remoteInfo = DynamicTheme;
		};
/* End PBXContainerItemProxy section */

/* Begin PBXCopyFilesBuildPhase section */
		1CEEF5341E66929500EF15C0 /* Embed Frameworks */ = {
			isa = PBXCopyFilesBuildPhase;
			buildActionMask = 2147483647;
			dstPath = "";
			dstSubfolderSpec = 10;
			files = (
				1C53000D2065022000827C25 /* DynamicTheme.framework in Embed Frameworks */,
			);
			name = "Embed Frameworks";
			runOnlyForDeploymentPostprocessing = 0;
		};
/* End PBXCopyFilesBuildPhase section */

/* Begin PBXFileReference section */
		182FD1C8591A87A0FF06D199 /* Pods-ThemeKit.debug.xcconfig */ = {isa = PBXFileReference; includeInIndex = 1; lastKnownFileType = text.xcconfig; name = "Pods-ThemeKit.debug.xcconfig"; path = "Pods/Target Support Files/Pods-ThemeKit/Pods-ThemeKit.debug.xcconfig"; sourceTree = "<group>"; };
		1C11489620601A8000C11608 /* UIColor+Helper.h */ = {isa = PBXFileReference; lastKnownFileType = sourcecode.c.h; path = "UIColor+Helper.h"; sourceTree = "<group>"; };
		1C11489720601A8000C11608 /* UIColor+Helper.m */ = {isa = PBXFileReference; lastKnownFileType = sourcecode.c.objc; path = "UIColor+Helper.m"; sourceTree = "<group>"; };
		1C28584C2060A93800E8936F /* AUUSubViewController.h */ = {isa = PBXFileReference; lastKnownFileType = sourcecode.c.h; path = AUUSubViewController.h; sourceTree = "<group>"; };
		1C28584D2060A93800E8936F /* AUUSubViewController.m */ = {isa = PBXFileReference; lastKnownFileType = sourcecode.c.objc; path = AUUSubViewController.m; sourceTree = "<group>"; };
		1C5300052065022000827C25 /* DynamicTheme.framework */ = {isa = PBXFileReference; explicitFileType = wrapper.framework; includeInIndex = 0; path = DynamicTheme.framework; sourceTree = BUILT_PRODUCTS_DIR; };
		1C5300072065022000827C25 /* DynamicTheme.h */ = {isa = PBXFileReference; lastKnownFileType = sourcecode.c.h; path = DynamicTheme.h; sourceTree = "<group>"; };
		1C5300082065022000827C25 /* Info.plist */ = {isa = PBXFileReference; lastKnownFileType = text.plist.xml; path = Info.plist; sourceTree = "<group>"; };
		1C530014206502AF00827C25 /* APPAppearanceManager.h */ = {isa = PBXFileReference; lastKnownFileType = sourcecode.c.h; path = APPAppearanceManager.h; sourceTree = "<group>"; };
		1C530015206502AF00827C25 /* APPAppearanceManager.m */ = {isa = PBXFileReference; lastKnownFileType = sourcecode.c.objc; path = APPAppearanceManager.m; sourceTree = "<group>"; };
		1C530018206502E700827C25 /* APPAppearanceManager+_Private.h */ = {isa = PBXFileReference; lastKnownFileType = sourcecode.c.h; path = "APPAppearanceManager+_Private.h"; sourceTree = "<group>"; };
		1C53001E206505F900827C25 /* NSString+APPAppearance.h */ = {isa = PBXFileReference; lastKnownFileType = sourcecode.c.h; path = "NSString+APPAppearance.h"; sourceTree = "<group>"; };
		1C53001F206505F900827C25 /* NSString+APPAppearance.m */ = {isa = PBXFileReference; lastKnownFileType = sourcecode.c.objc; path = "NSString+APPAppearance.m"; sourceTree = "<group>"; };
		1C5300222065060C00827C25 /* NSObject+APPAppearance.h */ = {isa = PBXFileReference; lastKnownFileType = sourcecode.c.h; path = "NSObject+APPAppearance.h"; sourceTree = "<group>"; };
		1C5300232065060C00827C25 /* NSObject+APPAppearance.m */ = {isa = PBXFileReference; lastKnownFileType = sourcecode.c.objc; path = "NSObject+APPAppearance.m"; sourceTree = "<group>"; };
		1C530026206506AE00827C25 /* UIColor+AUUAppearance.h */ = {isa = PBXFileReference; lastKnownFileType = sourcecode.c.h; path = "UIColor+AUUAppearance.h"; sourceTree = "<group>"; };
		1C530027206506AE00827C25 /* UIColor+AUUAppearance.m */ = {isa = PBXFileReference; lastKnownFileType = sourcecode.c.objc; path = "UIColor+AUUAppearance.m"; sourceTree = "<group>"; };
		1C53002A2065071100827C25 /* UIImage+APPAppearance.h */ = {isa = PBXFileReference; lastKnownFileType = sourcecode.c.h; path = "UIImage+APPAppearance.h"; sourceTree = "<group>"; };
		1C53002B2065071100827C25 /* UIImage+APPAppearance.m */ = {isa = PBXFileReference; lastKnownFileType = sourcecode.c.objc; path = "UIImage+APPAppearance.m"; sourceTree = "<group>"; };
		1C53002E206507E100827C25 /* APPCustomAppearanceModel.h */ = {isa = PBXFileReference; lastKnownFileType = sourcecode.c.h; path = APPCustomAppearanceModel.h; sourceTree = "<group>"; };
		1C53002F206507E100827C25 /* APPCustomAppearanceModel.m */ = {isa = PBXFileReference; lastKnownFileType = sourcecode.c.objc; path = APPCustomAppearanceModel.m; sourceTree = "<group>"; };
		1C530032206507EF00827C25 /* APPAppearanceParamProtocol.h */ = {isa = PBXFileReference; lastKnownFileType = sourcecode.c.h; path = APPAppearanceParamProtocol.h; sourceTree = "<group>"; };
		1C53003420650AD100827C25 /* UIButton+APPAppearance.h */ = {isa = PBXFileReference; lastKnownFileType = sourcecode.c.h; path = "UIButton+APPAppearance.h"; sourceTree = "<group>"; };
		1C53003520650AD100827C25 /* UIButton+APPAppearance.m */ = {isa = PBXFileReference; lastKnownFileType = sourcecode.c.objc; path = "UIButton+APPAppearance.m"; sourceTree = "<group>"; };
		1C53003820650B1A00827C25 /* UIImageView+APPAppearance.h */ = {isa = PBXFileReference; lastKnownFileType = sourcecode.c.h; path = "UIImageView+APPAppearance.h"; sourceTree = "<group>"; };
		1C53003920650B1A00827C25 /* UIImageView+APPAppearance.m */ = {isa = PBXFileReference; lastKnownFileType = sourcecode.c.objc; path = "UIImageView+APPAppearance.m"; sourceTree = "<group>"; };
		1C53003C20650B4C00827C25 /* UILabel+APPAppearance.h */ = {isa = PBXFileReference; lastKnownFileType = sourcecode.c.h; path = "UILabel+APPAppearance.h"; sourceTree = "<group>"; };
		1C53003D20650B4C00827C25 /* UILabel+APPAppearance.m */ = {isa = PBXFileReference; lastKnownFileType = sourcecode.c.objc; path = "UILabel+APPAppearance.m"; sourceTree = "<group>"; };
		1C53004020650B7E00827C25 /* UINavigationBar+APPAppearance.h */ = {isa = PBXFileReference; lastKnownFileType = sourcecode.c.h; path = "UINavigationBar+APPAppearance.h"; sourceTree = "<group>"; };
		1C53004120650B7E00827C25 /* UINavigationBar+APPAppearance.m */ = {isa = PBXFileReference; lastKnownFileType = sourcecode.c.objc; path = "UINavigationBar+APPAppearance.m"; sourceTree = "<group>"; };
		1C53004420650BAE00827C25 /* UISegmentedControl+APPAppearance.h */ = {isa = PBXFileReference; lastKnownFileType = sourcecode.c.h; path = "UISegmentedControl+APPAppearance.h"; sourceTree = "<group>"; };
		1C53004520650BAE00827C25 /* UISegmentedControl+APPAppearance.m */ = {isa = PBXFileReference; lastKnownFileType = sourcecode.c.objc; path = "UISegmentedControl+APPAppearance.m"; sourceTree = "<group>"; };
		1C53004820650BE000827C25 /* UISwitch+APPAppearance.h */ = {isa = PBXFileReference; lastKnownFileType = sourcecode.c.h; path = "UISwitch+APPAppearance.h"; sourceTree = "<group>"; };
		1C53004920650BE000827C25 /* UISwitch+APPAppearance.m */ = {isa = PBXFileReference; lastKnownFileType = sourcecode.c.objc; path = "UISwitch+APPAppearance.m"; sourceTree = "<group>"; };
		1C53004C20650C1400827C25 /* UITabBar+APPAppearance.h */ = {isa = PBXFileReference; lastKnownFileType = sourcecode.c.h; path = "UITabBar+APPAppearance.h"; sourceTree = "<group>"; };
		1C53004D20650C1400827C25 /* UITabBar+APPAppearance.m */ = {isa = PBXFileReference; lastKnownFileType = sourcecode.c.objc; path = "UITabBar+APPAppearance.m"; sourceTree = "<group>"; };
		1C53005020650C4500827C25 /* UITableView+APPAppearance.h */ = {isa = PBXFileReference; lastKnownFileType = sourcecode.c.h; path = "UITableView+APPAppearance.h"; sourceTree = "<group>"; };
		1C53005120650C4500827C25 /* UITableView+APPAppearance.m */ = {isa = PBXFileReference; lastKnownFileType = sourcecode.c.objc; path = "UITableView+APPAppearance.m"; sourceTree = "<group>"; };
		1C53005420650C7500827C25 /* UITableViewHeaderFooterView+APPAppearance.h */ = {isa = PBXFileReference; lastKnownFileType = sourcecode.c.h; path = "UITableViewHeaderFooterView+APPAppearance.h"; sourceTree = "<group>"; };
		1C53005520650C7500827C25 /* UITableViewHeaderFooterView+APPAppearance.m */ = {isa = PBXFileReference; lastKnownFileType = sourcecode.c.objc; path = "UITableViewHeaderFooterView+APPAppearance.m"; sourceTree = "<group>"; };
		1C53005820650CA200827C25 /* UITextField+APPAppearance.h */ = {isa = PBXFileReference; lastKnownFileType = sourcecode.c.h; path = "UITextField+APPAppearance.h"; sourceTree = "<group>"; };
		1C53005920650CA200827C25 /* UITextField+APPAppearance.m */ = {isa = PBXFileReference; lastKnownFileType = sourcecode.c.objc; path = "UITextField+APPAppearance.m"; sourceTree = "<group>"; };
		1C53005C20650CCC00827C25 /* UITextView+APPAppearance.h */ = {isa = PBXFileReference; lastKnownFileType = sourcecode.c.h; path = "UITextView+APPAppearance.h"; sourceTree = "<group>"; };
		1C53005D20650CCC00827C25 /* UITextView+APPAppearance.m */ = {isa = PBXFileReference; lastKnownFileType = sourcecode.c.objc; path = "UITextView+APPAppearance.m"; sourceTree = "<group>"; };
		1C53006020650CF300827C25 /* UIToolbar+APPAppearance.h */ = {isa = PBXFileReference; lastKnownFileType = sourcecode.c.h; path = "UIToolbar+APPAppearance.h"; sourceTree = "<group>"; };
		1C53006120650CF300827C25 /* UIToolbar+APPAppearance.m */ = {isa = PBXFileReference; lastKnownFileType = sourcecode.c.objc; path = "UIToolbar+APPAppearance.m"; sourceTree = "<group>"; };
		1C53006420650D1E00827C25 /* UIView+APPAppearance.h */ = {isa = PBXFileReference; lastKnownFileType = sourcecode.c.h; path = "UIView+APPAppearance.h"; sourceTree = "<group>"; };
		1C53006520650D1E00827C25 /* UIView+APPAppearance.m */ = {isa = PBXFileReference; lastKnownFileType = sourcecode.c.objc; path = "UIView+APPAppearance.m"; sourceTree = "<group>"; };
		1CEEF4021E6668DE00EF15C0 /* AUUThemeTest.app */ = {isa = PBXFileReference; explicitFileType = wrapper.application; includeInIndex = 0; path = AUUThemeTest.app; sourceTree = BUILT_PRODUCTS_DIR; };
		1CEEF4051E6668DE00EF15C0 /* main.m */ = {isa = PBXFileReference; lastKnownFileType = sourcecode.c.objc; path = main.m; sourceTree = "<group>"; };
		1CEEF4071E6668DE00EF15C0 /* AppDelegate.h */ = {isa = PBXFileReference; lastKnownFileType = sourcecode.c.h; path = AppDelegate.h; sourceTree = "<group>"; };
		1CEEF4081E6668DE00EF15C0 /* AppDelegate.m */ = {isa = PBXFileReference; lastKnownFileType = sourcecode.c.objc; path = AppDelegate.m; sourceTree = "<group>"; };
		1CEEF40E1E6668DE00EF15C0 /* Base */ = {isa = PBXFileReference; lastKnownFileType = file.storyboard; name = Base; path = Base.lproj/Main.storyboard; sourceTree = "<group>"; };
		1CEEF4101E6668DE00EF15C0 /* Assets.xcassets */ = {isa = PBXFileReference; lastKnownFileType = folder.assetcatalog; path = Assets.xcassets; sourceTree = "<group>"; };
		1CEEF4131E6668DE00EF15C0 /* Base */ = {isa = PBXFileReference; lastKnownFileType = file.storyboard; name = Base; path = Base.lproj/LaunchScreen.storyboard; sourceTree = "<group>"; };
		1CEEF4151E6668DE00EF15C0 /* Info.plist */ = {isa = PBXFileReference; lastKnownFileType = text.plist.xml; path = Info.plist; sourceTree = "<group>"; };
		1CEEF4361E666A7100EF15C0 /* HMSegmentedControl+AUUHelper.h */ = {isa = PBXFileReference; fileEncoding = 4; lastKnownFileType = sourcecode.c.h; path = "HMSegmentedControl+AUUHelper.h"; sourceTree = "<group>"; };
		1CEEF4371E666A7100EF15C0 /* HMSegmentedControl+AUUHelper.m */ = {isa = PBXFileReference; fileEncoding = 4; lastKnownFileType = sourcecode.c.objc; path = "HMSegmentedControl+AUUHelper.m"; sourceTree = "<group>"; };
		1CEEF4381E666A7100EF15C0 /* UIImage+AUUHelper.h */ = {isa = PBXFileReference; fileEncoding = 4; lastKnownFileType = sourcecode.c.h; path = "UIImage+AUUHelper.h"; sourceTree = "<group>"; };
		1CEEF4391E666A7100EF15C0 /* UIImage+AUUHelper.m */ = {isa = PBXFileReference; fileEncoding = 4; lastKnownFileType = sourcecode.c.objc; path = "UIImage+AUUHelper.m"; sourceTree = "<group>"; };
		1CEEF43B1E666A7100EF15C0 /* AUUThemeInfoTableViewCell.h */ = {isa = PBXFileReference; fileEncoding = 4; lastKnownFileType = sourcecode.c.h; path = AUUThemeInfoTableViewCell.h; sourceTree = "<group>"; };
		1CEEF43C1E666A7100EF15C0 /* AUUThemeInfoTableViewCell.m */ = {isa = PBXFileReference; fileEncoding = 4; lastKnownFileType = sourcecode.c.objc; path = AUUThemeInfoTableViewCell.m; sourceTree = "<group>"; };
		1CEEF43D1E666A7100EF15C0 /* AUUUserTableViewCell.h */ = {isa = PBXFileReference; fileEncoding = 4; lastKnownFileType = sourcecode.c.h; path = AUUUserTableViewCell.h; sourceTree = "<group>"; };
		1CEEF43E1E666A7100EF15C0 /* AUUUserTableViewCell.m */ = {isa = PBXFileReference; fileEncoding = 4; lastKnownFileType = sourcecode.c.objc; path = AUUUserTableViewCell.m; sourceTree = "<group>"; };
		1CEEF4401E666A7100EF15C0 /* AUUUserModel.h */ = {isa = PBXFileReference; fileEncoding = 4; lastKnownFileType = sourcecode.c.h; path = AUUUserModel.h; sourceTree = "<group>"; };
		1CEEF4411E666A7100EF15C0 /* AUUUserModel.m */ = {isa = PBXFileReference; fileEncoding = 4; lastKnownFileType = sourcecode.c.objc; path = AUUUserModel.m; sourceTree = "<group>"; };
		1CEEF4431E666A7100EF15C0 /* 1.jpeg */ = {isa = PBXFileReference; lastKnownFileType = image.jpeg; path = 1.jpeg; sourceTree = "<group>"; };
		1CEEF4441E666A7100EF15C0 /* 2.jpeg */ = {isa = PBXFileReference; lastKnownFileType = image.jpeg; path = 2.jpeg; sourceTree = "<group>"; };
		1CEEF4451E666A7100EF15C0 /* 3.jpeg */ = {isa = PBXFileReference; lastKnownFileType = image.jpeg; path = 3.jpeg; sourceTree = "<group>"; };
		1CEEF4461E666A7100EF15C0 /* 4.jpeg */ = {isa = PBXFileReference; lastKnownFileType = image.jpeg; path = 4.jpeg; sourceTree = "<group>"; };
		1CEEF4471E666A7100EF15C0 /* 5.jpeg */ = {isa = PBXFileReference; lastKnownFileType = image.jpeg; path = 5.jpeg; sourceTree = "<group>"; };
		1CEEF4481E666A7100EF15C0 /* 6.jpeg */ = {isa = PBXFileReference; lastKnownFileType = image.jpeg; path = 6.jpeg; sourceTree = "<group>"; };
		1CEEF4491E666A7100EF15C0 /* 7.jpeg */ = {isa = PBXFileReference; lastKnownFileType = image.jpeg; path = 7.jpeg; sourceTree = "<group>"; };
		1CEEF44A1E666A7100EF15C0 /* 8.jpg */ = {isa = PBXFileReference; lastKnownFileType = image.jpeg; path = 8.jpg; sourceTree = "<group>"; };
		1CEEF44B1E666A7100EF15C0 /* 9.jpg */ = {isa = PBXFileReference; lastKnownFileType = image.jpeg; path = 9.jpg; sourceTree = "<group>"; };
		1CEEF44D1E666A7100EF15C0 /* lightblue.json */ = {isa = PBXFileReference; fileEncoding = 4; lastKnownFileType = text.json; path = lightblue.json; sourceTree = "<group>"; };
		1CEEF44E1E666A7100EF15C0 /* lightred.json */ = {isa = PBXFileReference; fileEncoding = 4; lastKnownFileType = text.json; path = lightred.json; sourceTree = "<group>"; };
		1CEEF44F1E666A7100EF15C0 /* pupurse.json */ = {isa = PBXFileReference; fileEncoding = 4; lastKnownFileType = text.json; path = pupurse.json; sourceTree = "<group>"; };
		1CEEF4501E666A7100EF15C0 /* statement.txt */ = {isa = PBXFileReference; fileEncoding = 4; lastKnownFileType = text; path = statement.txt; sourceTree = "<group>"; };
		1CEEF4511E666A7100EF15C0 /* white.json */ = {isa = PBXFileReference; fileEncoding = 4; lastKnownFileType = text.json; path = white.json; sourceTree = "<group>"; };
		1CEEF4531E666A7100EF15C0 /* AUUTestThemeManager.h */ = {isa = PBXFileReference; fileEncoding = 4; lastKnownFileType = sourcecode.c.h; path = AUUTestThemeManager.h; sourceTree = "<group>"; };
		1CEEF4541E666A7100EF15C0 /* AUUTestThemeManager.m */ = {isa = PBXFileReference; fileEncoding = 4; lastKnownFileType = sourcecode.c.objc; path = AUUTestThemeManager.m; sourceTree = "<group>"; };
		1CEEF4551E666A7100EF15C0 /* AUUThemeConstants.h */ = {isa = PBXFileReference; fileEncoding = 4; lastKnownFileType = sourcecode.c.h; path = AUUThemeConstants.h; sourceTree = "<group>"; };
		1CEEF4561E666A7100EF15C0 /* AUUThemeConstants.m */ = {isa = PBXFileReference; fileEncoding = 4; lastKnownFileType = sourcecode.c.objc; path = AUUThemeConstants.m; sourceTree = "<group>"; };
		1CEEF4571E666A7100EF15C0 /* AUUThemeModel.h */ = {isa = PBXFileReference; fileEncoding = 4; lastKnownFileType = sourcecode.c.h; path = AUUThemeModel.h; sourceTree = "<group>"; };
		1CEEF4581E666A7100EF15C0 /* AUUThemeModel.m */ = {isa = PBXFileReference; fileEncoding = 4; lastKnownFileType = sourcecode.c.objc; path = AUUThemeModel.m; sourceTree = "<group>"; };
		1CEEF45B1E666A7100EF15C0 /* AUNavigationController.h */ = {isa = PBXFileReference; fileEncoding = 4; lastKnownFileType = sourcecode.c.h; path = AUNavigationController.h; sourceTree = "<group>"; };
		1CEEF45C1E666A7100EF15C0 /* AUNavigationController.m */ = {isa = PBXFileReference; fileEncoding = 4; lastKnownFileType = sourcecode.c.objc; path = AUNavigationController.m; sourceTree = "<group>"; };
		1CEEF45D1E666A7100EF15C0 /* AUULoadMoreFooter.h */ = {isa = PBXFileReference; fileEncoding = 4; lastKnownFileType = sourcecode.c.h; path = AUULoadMoreFooter.h; sourceTree = "<group>"; };
		1CEEF45E1E666A7100EF15C0 /* AUULoadMoreFooter.m */ = {isa = PBXFileReference; fileEncoding = 4; lastKnownFileType = sourcecode.c.objc; path = AUULoadMoreFooter.m; sourceTree = "<group>"; };
		1CEEF45F1E666A7100EF15C0 /* AUUPagerViewController.h */ = {isa = PBXFileReference; fileEncoding = 4; lastKnownFileType = sourcecode.c.h; path = AUUPagerViewController.h; sourceTree = "<group>"; };
		1CEEF4601E666A7100EF15C0 /* AUUPagerViewController.m */ = {isa = PBXFileReference; fileEncoding = 4; lastKnownFileType = sourcecode.c.objc; path = AUUPagerViewController.m; sourceTree = "<group>"; };
		1CEEF4611E666A7100EF15C0 /* AUURefreshHeader.h */ = {isa = PBXFileReference; fileEncoding = 4; lastKnownFileType = sourcecode.c.h; path = AUURefreshHeader.h; sourceTree = "<group>"; };
		1CEEF4621E666A7100EF15C0 /* AUURefreshHeader.m */ = {isa = PBXFileReference; fileEncoding = 4; lastKnownFileType = sourcecode.c.objc; path = AUURefreshHeader.m; sourceTree = "<group>"; };
		1CEEF4631E666A7100EF15C0 /* AUUTableViewActions.h */ = {isa = PBXFileReference; fileEncoding = 4; lastKnownFileType = sourcecode.c.h; path = AUUTableViewActions.h; sourceTree = "<group>"; };
		1CEEF4641E666A7100EF15C0 /* AUUTableViewActions.m */ = {isa = PBXFileReference; fileEncoding = 4; lastKnownFileType = sourcecode.c.objc; path = AUUTableViewActions.m; sourceTree = "<group>"; };
		1CEEF4651E666A7100EF15C0 /* AUUTableViewController.h */ = {isa = PBXFileReference; fileEncoding = 4; lastKnownFileType = sourcecode.c.h; path = AUUTableViewController.h; sourceTree = "<group>"; };
		1CEEF4661E666A7100EF15C0 /* AUUTableViewController.m */ = {isa = PBXFileReference; fileEncoding = 4; lastKnownFileType = sourcecode.c.objc; path = AUUTableViewController.m; sourceTree = "<group>"; };
		1CEEF4681E666A7100EF15C0 /* AUUMainViewController.h */ = {isa = PBXFileReference; fileEncoding = 4; lastKnownFileType = sourcecode.c.h; path = AUUMainViewController.h; sourceTree = "<group>"; };
		1CEEF4691E666A7100EF15C0 /* AUUMainViewController.m */ = {isa = PBXFileReference; fileEncoding = 4; lastKnownFileType = sourcecode.c.objc; path = AUUMainViewController.m; sourceTree = "<group>"; };
		1CEEF46A1E666A7100EF15C0 /* AUUSettingsViewController.h */ = {isa = PBXFileReference; fileEncoding = 4; lastKnownFileType = sourcecode.c.h; path = AUUSettingsViewController.h; sourceTree = "<group>"; };
		1CEEF46B1E666A7100EF15C0 /* AUUSettingsViewController.m */ = {isa = PBXFileReference; fileEncoding = 4; lastKnownFileType = sourcecode.c.objc; path = AUUSettingsViewController.m; sourceTree = "<group>"; };
		1CEEF46C1E666A7100EF15C0 /* AUUThemesListViewController.h */ = {isa = PBXFileReference; fileEncoding = 4; lastKnownFileType = sourcecode.c.h; path = AUUThemesListViewController.h; sourceTree = "<group>"; };
		1CEEF46D1E666A7100EF15C0 /* AUUThemesListViewController.m */ = {isa = PBXFileReference; fileEncoding = 4; lastKnownFileType = sourcecode.c.objc; path = AUUThemesListViewController.m; sourceTree = "<group>"; };
		1CEEF46E1E666A7100EF15C0 /* AUUUsersViewController.h */ = {isa = PBXFileReference; fileEncoding = 4; lastKnownFileType = sourcecode.c.h; path = AUUUsersViewController.h; sourceTree = "<group>"; };
		1CEEF46F1E666A7100EF15C0 /* AUUUsersViewController.m */ = {isa = PBXFileReference; fileEncoding = 4; lastKnownFileType = sourcecode.c.objc; path = AUUUsersViewController.m; sourceTree = "<group>"; };
		1CEEF4901E666A9C00EF15C0 /* HMSegmentedControl.framework */ = {isa = PBXFileReference; lastKnownFileType = wrapper.framework; name = HMSegmentedControl.framework; path = "../../../Library/Developer/Xcode/DerivedData/EasyTheme-cworwygtrgxwigcaqkfdvkxwmisk/Build/Products/Debug-iphonesimulator/HMSegmentedControl/HMSegmentedControl.framework"; sourceTree = "<group>"; };
		1CEEF4911E666A9C00EF15C0 /* Masonry.framework */ = {isa = PBXFileReference; lastKnownFileType = wrapper.framework; name = Masonry.framework; path = "../../../Library/Developer/Xcode/DerivedData/EasyTheme-cworwygtrgxwigcaqkfdvkxwmisk/Build/Products/Debug-iphonesimulator/Masonry/Masonry.framework"; sourceTree = "<group>"; };
		1CEEF4921E666A9C00EF15C0 /* MJRefresh.framework */ = {isa = PBXFileReference; lastKnownFileType = wrapper.framework; name = MJRefresh.framework; path = "../../../Library/Developer/Xcode/DerivedData/EasyTheme-cworwygtrgxwigcaqkfdvkxwmisk/Build/Products/Debug-iphonesimulator/MJRefresh/MJRefresh.framework"; sourceTree = "<group>"; };
		1CEEF4931E666A9C00EF15C0 /* Nimbus.framework */ = {isa = PBXFileReference; lastKnownFileType = wrapper.framework; name = Nimbus.framework; path = "../../../Library/Developer/Xcode/DerivedData/EasyTheme-cworwygtrgxwigcaqkfdvkxwmisk/Build/Products/Debug-iphonesimulator/Nimbus/Nimbus.framework"; sourceTree = "<group>"; };
		1CEEF4941E666A9C00EF15C0 /* SDWebImage.framework */ = {isa = PBXFileReference; lastKnownFileType = wrapper.framework; name = SDWebImage.framework; path = "../../../Library/Developer/Xcode/DerivedData/EasyTheme-cworwygtrgxwigcaqkfdvkxwmisk/Build/Products/Debug-iphonesimulator/SDWebImage/SDWebImage.framework"; sourceTree = "<group>"; };
		1CEEF4951E666A9C00EF15C0 /* THSegmentedPager.framework */ = {isa = PBXFileReference; lastKnownFileType = wrapper.framework; name = THSegmentedPager.framework; path = "../../../Library/Developer/Xcode/DerivedData/EasyTheme-cworwygtrgxwigcaqkfdvkxwmisk/Build/Products/Debug-iphonesimulator/THSegmentedPager/THSegmentedPager.framework"; sourceTree = "<group>"; };
		1CEEF4961E666A9C00EF15C0 /* UIView_Borders.framework */ = {isa = PBXFileReference; lastKnownFileType = wrapper.framework; name = UIView_Borders.framework; path = "../../../Library/Developer/Xcode/DerivedData/EasyTheme-cworwygtrgxwigcaqkfdvkxwmisk/Build/Products/Debug-iphonesimulator/UIView+Borders/UIView_Borders.framework"; sourceTree = "<group>"; };
		1CEEF49E1E666ADB00EF15C0 /* AUUThemeTest.pch */ = {isa = PBXFileReference; lastKnownFileType = sourcecode.c.h; path = AUUThemeTest.pch; sourceTree = "<group>"; };
		22C636F88F913E37CEBBAE60 /* Pods-EasyTheme.release.xcconfig */ = {isa = PBXFileReference; includeInIndex = 1; lastKnownFileType = text.xcconfig; name = "Pods-EasyTheme.release.xcconfig"; path = "Pods/Target Support Files/Pods-EasyTheme/Pods-EasyTheme.release.xcconfig"; sourceTree = "<group>"; };
		461A5B77799BCC8F94052A0A /* Pods-DynamicTheme.debug.xcconfig */ = {isa = PBXFileReference; includeInIndex = 1; lastKnownFileType = text.xcconfig; name = "Pods-DynamicTheme.debug.xcconfig"; path = "Pods/Target Support Files/Pods-DynamicTheme/Pods-DynamicTheme.debug.xcconfig"; sourceTree = "<group>"; };
		54F95D76FDD01AC87DCD614A /* Pods-DynamicTheme.release.xcconfig */ = {isa = PBXFileReference; includeInIndex = 1; lastKnownFileType = text.xcconfig; name = "Pods-DynamicTheme.release.xcconfig"; path = "Pods/Target Support Files/Pods-DynamicTheme/Pods-DynamicTheme.release.xcconfig"; sourceTree = "<group>"; };
		63DA0A32878C6052214C4A34 /* Pods_ThemeKit.framework */ = {isa = PBXFileReference; explicitFileType = wrapper.framework; includeInIndex = 0; path = Pods_ThemeKit.framework; sourceTree = BUILT_PRODUCTS_DIR; };
		64397871C6972A5B0339F9D6 /* Pods_DynamicTheme.framework */ = {isa = PBXFileReference; explicitFileType = wrapper.framework; includeInIndex = 0; path = Pods_DynamicTheme.framework; sourceTree = BUILT_PRODUCTS_DIR; };
		6A18F023EFD5632CAC48DE0C /* Pods-ThemeKit.release.xcconfig */ = {isa = PBXFileReference; includeInIndex = 1; lastKnownFileType = text.xcconfig; name = "Pods-ThemeKit.release.xcconfig"; path = "Pods/Target Support Files/Pods-ThemeKit/Pods-ThemeKit.release.xcconfig"; sourceTree = "<group>"; };
		99642BBCACF2C3FF682267D6 /* Pods-AUUThemeTest.debug.xcconfig */ = {isa = PBXFileReference; includeInIndex = 1; lastKnownFileType = text.xcconfig; name = "Pods-AUUThemeTest.debug.xcconfig"; path = "Pods/Target Support Files/Pods-AUUThemeTest/Pods-AUUThemeTest.debug.xcconfig"; sourceTree = "<group>"; };
		A5D23E288575965846620A23 /* Pods-AUUThemeTest.release.xcconfig */ = {isa = PBXFileReference; includeInIndex = 1; lastKnownFileType = text.xcconfig; name = "Pods-AUUThemeTest.release.xcconfig"; path = "Pods/Target Support Files/Pods-AUUThemeTest/Pods-AUUThemeTest.release.xcconfig"; sourceTree = "<group>"; };
		BEFB79BA8B164B09B7EC0E4B /* Pods-EasyTheme.debug.xcconfig */ = {isa = PBXFileReference; includeInIndex = 1; lastKnownFileType = text.xcconfig; name = "Pods-EasyTheme.debug.xcconfig"; path = "Pods/Target Support Files/Pods-EasyTheme/Pods-EasyTheme.debug.xcconfig"; sourceTree = "<group>"; };
		DCD773E50507C91EE4883666 /* Pods_AUUThemeTest.framework */ = {isa = PBXFileReference; explicitFileType = wrapper.framework; includeInIndex = 0; path = Pods_AUUThemeTest.framework; sourceTree = BUILT_PRODUCTS_DIR; };
		E7BA4BDB2C9C843FC7D89B33 /* Pods_EasyTheme.framework */ = {isa = PBXFileReference; explicitFileType = wrapper.framework; includeInIndex = 0; path = Pods_EasyTheme.framework; sourceTree = BUILT_PRODUCTS_DIR; };
/* End PBXFileReference section */

/* Begin PBXFrameworksBuildPhase section */
		1C5300012065022000827C25 /* Frameworks */ = {
			isa = PBXFrameworksBuildPhase;
			buildActionMask = 2147483647;
			files = (
				CB4408C0D36845AE905D7325 /* Pods_DynamicTheme.framework in Frameworks */,
			);
			runOnlyForDeploymentPostprocessing = 0;
		};
		1CEEF3FF1E6668DE00EF15C0 /* Frameworks */ = {
			isa = PBXFrameworksBuildPhase;
			buildActionMask = 2147483647;
			files = (
				1CEEF4971E666A9C00EF15C0 /* HMSegmentedControl.framework in Frameworks */,
				1CEEF4981E666A9C00EF15C0 /* Masonry.framework in Frameworks */,
				1CEEF4991E666A9C00EF15C0 /* MJRefresh.framework in Frameworks */,
				1CEEF49A1E666A9C00EF15C0 /* Nimbus.framework in Frameworks */,
				1CEEF49B1E666A9C00EF15C0 /* SDWebImage.framework in Frameworks */,
				1CEEF49C1E666A9C00EF15C0 /* THSegmentedPager.framework in Frameworks */,
				1CEEF49D1E666A9C00EF15C0 /* UIView_Borders.framework in Frameworks */,
				1C53000C2065022000827C25 /* DynamicTheme.framework in Frameworks */,
				9BC5C47C5EBF12F3E4E63DCF /* Pods_AUUThemeTest.framework in Frameworks */,
			);
			runOnlyForDeploymentPostprocessing = 0;
		};
/* End PBXFrameworksBuildPhase section */

/* Begin PBXGroup section */
		1C5300062065022000827C25 /* DynamicTheme */ = {
			isa = PBXGroup;
			children = (
				1C5300072065022000827C25 /* DynamicTheme.h */,
				1C5300132065026700827C25 /* Manager */,
				1C5300122065025E00827C25 /* Tools */,
				1C5300112065023900827C25 /* Appearance */,
				1C5300082065022000827C25 /* Info.plist */,
			);
			path = DynamicTheme;
			sourceTree = "<group>";
		};
		1C5300112065023900827C25 /* Appearance */ = {
			isa = PBXGroup;
			children = (
				1C53003420650AD100827C25 /* UIButton+APPAppearance.h */,
				1C53003520650AD100827C25 /* UIButton+APPAppearance.m */,
				1C53003820650B1A00827C25 /* UIImageView+APPAppearance.h */,
				1C53003920650B1A00827C25 /* UIImageView+APPAppearance.m */,
				1C53003C20650B4C00827C25 /* UILabel+APPAppearance.h */,
				1C53003D20650B4C00827C25 /* UILabel+APPAppearance.m */,
				1C53004020650B7E00827C25 /* UINavigationBar+APPAppearance.h */,
				1C53004120650B7E00827C25 /* UINavigationBar+APPAppearance.m */,
				1C53004420650BAE00827C25 /* UISegmentedControl+APPAppearance.h */,
				1C53004520650BAE00827C25 /* UISegmentedControl+APPAppearance.m */,
				1C53004820650BE000827C25 /* UISwitch+APPAppearance.h */,
				1C53004920650BE000827C25 /* UISwitch+APPAppearance.m */,
				1C53004C20650C1400827C25 /* UITabBar+APPAppearance.h */,
				1C53004D20650C1400827C25 /* UITabBar+APPAppearance.m */,
				1C53005020650C4500827C25 /* UITableView+APPAppearance.h */,
				1C53005120650C4500827C25 /* UITableView+APPAppearance.m */,
				1C53005420650C7500827C25 /* UITableViewHeaderFooterView+APPAppearance.h */,
				1C53005520650C7500827C25 /* UITableViewHeaderFooterView+APPAppearance.m */,
				1C53005820650CA200827C25 /* UITextField+APPAppearance.h */,
				1C53005920650CA200827C25 /* UITextField+APPAppearance.m */,
				1C53005C20650CCC00827C25 /* UITextView+APPAppearance.h */,
				1C53005D20650CCC00827C25 /* UITextView+APPAppearance.m */,
				1C53006020650CF300827C25 /* UIToolbar+APPAppearance.h */,
				1C53006120650CF300827C25 /* UIToolbar+APPAppearance.m */,
				1C53006420650D1E00827C25 /* UIView+APPAppearance.h */,
				1C53006520650D1E00827C25 /* UIView+APPAppearance.m */,
			);
			path = Appearance;
			sourceTree = "<group>";
		};
		1C5300122065025E00827C25 /* Tools */ = {
			isa = PBXGroup;
			children = (
				1C5300222065060C00827C25 /* NSObject+APPAppearance.h */,
				1C5300232065060C00827C25 /* NSObject+APPAppearance.m */,
				1C53001E206505F900827C25 /* NSString+APPAppearance.h */,
				1C53001F206505F900827C25 /* NSString+APPAppearance.m */,
				1C530026206506AE00827C25 /* UIColor+AUUAppearance.h */,
				1C530027206506AE00827C25 /* UIColor+AUUAppearance.m */,
				1C53002A2065071100827C25 /* UIImage+APPAppearance.h */,
				1C53002B2065071100827C25 /* UIImage+APPAppearance.m */,
				1C53002E206507E100827C25 /* APPCustomAppearanceModel.h */,
				1C53002F206507E100827C25 /* APPCustomAppearanceModel.m */,
				1C530032206507EF00827C25 /* APPAppearanceParamProtocol.h */,
			);
			path = Tools;
			sourceTree = "<group>";
		};
		1C5300132065026700827C25 /* Manager */ = {
			isa = PBXGroup;
			children = (
				1C530014206502AF00827C25 /* APPAppearanceManager.h */,
				1C530015206502AF00827C25 /* APPAppearanceManager.m */,
				1C530018206502E700827C25 /* APPAppearanceManager+_Private.h */,
			);
			path = Manager;
			sourceTree = "<group>";
		};
		1CEEF3821E66683600EF15C0 = {
			isa = PBXGroup;
			children = (
				1C5300062065022000827C25 /* DynamicTheme */,
				1CEEF4031E6668DE00EF15C0 /* AUUThemeTest */,
				1CEEF38F1E66686B00EF15C0 /* Products */,
				6BED1A718A999481CD8D3C3D /* Pods */,
				60BB2A39359CB40F38C39B24 /* Frameworks */,
			);
			sourceTree = "<group>";
		};
		1CEEF38F1E66686B00EF15C0 /* Products */ = {
			isa = PBXGroup;
			children = (
				1CEEF4021E6668DE00EF15C0 /* AUUThemeTest.app */,
				1C5300052065022000827C25 /* DynamicTheme.framework */,
			);
			name = Products;
			sourceTree = "<group>";
		};
		1CEEF4031E6668DE00EF15C0 /* AUUThemeTest */ = {
			isa = PBXGroup;
			children = (
				1CEEF4071E6668DE00EF15C0 /* AppDelegate.h */,
				1CEEF4081E6668DE00EF15C0 /* AppDelegate.m */,
				1CEEF4351E666A7100EF15C0 /* Categoires */,
				1CEEF43A1E666A7100EF15C0 /* Cells */,
				1CEEF43F1E666A7100EF15C0 /* Models */,
				1CEEF4421E666A7100EF15C0 /* resources */,
				1CEEF44C1E666A7100EF15C0 /* Themes */,
				1CEEF4521E666A7100EF15C0 /* ThemesManager */,
				1CEEF4591E666A7100EF15C0 /* ViewControllers */,
				1CEEF40D1E6668DE00EF15C0 /* Main.storyboard */,
				1CEEF4101E6668DE00EF15C0 /* Assets.xcassets */,
				1CEEF4121E6668DE00EF15C0 /* LaunchScreen.storyboard */,
				1CEEF4151E6668DE00EF15C0 /* Info.plist */,
				1CEEF49E1E666ADB00EF15C0 /* AUUThemeTest.pch */,
				1CEEF4041E6668DE00EF15C0 /* Supporting Files */,
			);
			path = AUUThemeTest;
			sourceTree = "<group>";
		};
		1CEEF4041E6668DE00EF15C0 /* Supporting Files */ = {
			isa = PBXGroup;
			children = (
				1CEEF4051E6668DE00EF15C0 /* main.m */,
			);
			name = "Supporting Files";
			sourceTree = "<group>";
		};
		1CEEF4351E666A7100EF15C0 /* Categoires */ = {
			isa = PBXGroup;
			children = (
				1CEEF4361E666A7100EF15C0 /* HMSegmentedControl+AUUHelper.h */,
				1CEEF4371E666A7100EF15C0 /* HMSegmentedControl+AUUHelper.m */,
				1CEEF4381E666A7100EF15C0 /* UIImage+AUUHelper.h */,
				1CEEF4391E666A7100EF15C0 /* UIImage+AUUHelper.m */,
				1C11489620601A8000C11608 /* UIColor+Helper.h */,
				1C11489720601A8000C11608 /* UIColor+Helper.m */,
			);
			path = Categoires;
			sourceTree = "<group>";
		};
		1CEEF43A1E666A7100EF15C0 /* Cells */ = {
			isa = PBXGroup;
			children = (
				1CEEF43B1E666A7100EF15C0 /* AUUThemeInfoTableViewCell.h */,
				1CEEF43C1E666A7100EF15C0 /* AUUThemeInfoTableViewCell.m */,
				1CEEF43D1E666A7100EF15C0 /* AUUUserTableViewCell.h */,
				1CEEF43E1E666A7100EF15C0 /* AUUUserTableViewCell.m */,
			);
			path = Cells;
			sourceTree = "<group>";
		};
		1CEEF43F1E666A7100EF15C0 /* Models */ = {
			isa = PBXGroup;
			children = (
				1CEEF4401E666A7100EF15C0 /* AUUUserModel.h */,
				1CEEF4411E666A7100EF15C0 /* AUUUserModel.m */,
			);
			path = Models;
			sourceTree = "<group>";
		};
		1CEEF4421E666A7100EF15C0 /* resources */ = {
			isa = PBXGroup;
			children = (
				1CEEF4431E666A7100EF15C0 /* 1.jpeg */,
				1CEEF4441E666A7100EF15C0 /* 2.jpeg */,
				1CEEF4451E666A7100EF15C0 /* 3.jpeg */,
				1CEEF4461E666A7100EF15C0 /* 4.jpeg */,
				1CEEF4471E666A7100EF15C0 /* 5.jpeg */,
				1CEEF4481E666A7100EF15C0 /* 6.jpeg */,
				1CEEF4491E666A7100EF15C0 /* 7.jpeg */,
				1CEEF44A1E666A7100EF15C0 /* 8.jpg */,
				1CEEF44B1E666A7100EF15C0 /* 9.jpg */,
			);
			path = resources;
			sourceTree = "<group>";
		};
		1CEEF44C1E666A7100EF15C0 /* Themes */ = {
			isa = PBXGroup;
			children = (
				1CEEF44D1E666A7100EF15C0 /* lightblue.json */,
				1CEEF44E1E666A7100EF15C0 /* lightred.json */,
				1CEEF44F1E666A7100EF15C0 /* pupurse.json */,
				1CEEF4501E666A7100EF15C0 /* statement.txt */,
				1CEEF4511E666A7100EF15C0 /* white.json */,
			);
			path = Themes;
			sourceTree = "<group>";
		};
		1CEEF4521E666A7100EF15C0 /* ThemesManager */ = {
			isa = PBXGroup;
			children = (
				1CEEF4531E666A7100EF15C0 /* AUUTestThemeManager.h */,
				1CEEF4541E666A7100EF15C0 /* AUUTestThemeManager.m */,
				1CEEF4551E666A7100EF15C0 /* AUUThemeConstants.h */,
				1CEEF4561E666A7100EF15C0 /* AUUThemeConstants.m */,
				1CEEF4571E666A7100EF15C0 /* AUUThemeModel.h */,
				1CEEF4581E666A7100EF15C0 /* AUUThemeModel.m */,
			);
			path = ThemesManager;
			sourceTree = "<group>";
		};
		1CEEF4591E666A7100EF15C0 /* ViewControllers */ = {
			isa = PBXGroup;
			children = (
				1CEEF45A1E666A7100EF15C0 /* Base */,
				1CEEF4671E666A7100EF15C0 /* Pages */,
			);
			path = ViewControllers;
			sourceTree = "<group>";
		};
		1CEEF45A1E666A7100EF15C0 /* Base */ = {
			isa = PBXGroup;
			children = (
				1CEEF45B1E666A7100EF15C0 /* AUNavigationController.h */,
				1CEEF45C1E666A7100EF15C0 /* AUNavigationController.m */,
				1CEEF45D1E666A7100EF15C0 /* AUULoadMoreFooter.h */,
				1CEEF45E1E666A7100EF15C0 /* AUULoadMoreFooter.m */,
				1CEEF45F1E666A7100EF15C0 /* AUUPagerViewController.h */,
				1CEEF4601E666A7100EF15C0 /* AUUPagerViewController.m */,
				1CEEF4611E666A7100EF15C0 /* AUURefreshHeader.h */,
				1CEEF4621E666A7100EF15C0 /* AUURefreshHeader.m */,
				1CEEF4631E666A7100EF15C0 /* AUUTableViewActions.h */,
				1CEEF4641E666A7100EF15C0 /* AUUTableViewActions.m */,
				1CEEF4651E666A7100EF15C0 /* AUUTableViewController.h */,
				1CEEF4661E666A7100EF15C0 /* AUUTableViewController.m */,
			);
			path = Base;
			sourceTree = "<group>";
		};
		1CEEF4671E666A7100EF15C0 /* Pages */ = {
			isa = PBXGroup;
			children = (
				1CEEF4681E666A7100EF15C0 /* AUUMainViewController.h */,
				1CEEF4691E666A7100EF15C0 /* AUUMainViewController.m */,
				1CEEF46A1E666A7100EF15C0 /* AUUSettingsViewController.h */,
				1CEEF46B1E666A7100EF15C0 /* AUUSettingsViewController.m */,
				1CEEF46C1E666A7100EF15C0 /* AUUThemesListViewController.h */,
				1CEEF46D1E666A7100EF15C0 /* AUUThemesListViewController.m */,
				1CEEF46E1E666A7100EF15C0 /* AUUUsersViewController.h */,
				1CEEF46F1E666A7100EF15C0 /* AUUUsersViewController.m */,
				1C28584C2060A93800E8936F /* AUUSubViewController.h */,
				1C28584D2060A93800E8936F /* AUUSubViewController.m */,
			);
			path = Pages;
			sourceTree = "<group>";
		};
		60BB2A39359CB40F38C39B24 /* Frameworks */ = {
			isa = PBXGroup;
			children = (
				1CEEF4901E666A9C00EF15C0 /* HMSegmentedControl.framework */,
				1CEEF4911E666A9C00EF15C0 /* Masonry.framework */,
				1CEEF4921E666A9C00EF15C0 /* MJRefresh.framework */,
				1CEEF4931E666A9C00EF15C0 /* Nimbus.framework */,
				1CEEF4941E666A9C00EF15C0 /* SDWebImage.framework */,
				1CEEF4951E666A9C00EF15C0 /* THSegmentedPager.framework */,
				1CEEF4961E666A9C00EF15C0 /* UIView_Borders.framework */,
				DCD773E50507C91EE4883666 /* Pods_AUUThemeTest.framework */,
				E7BA4BDB2C9C843FC7D89B33 /* Pods_EasyTheme.framework */,
				63DA0A32878C6052214C4A34 /* Pods_ThemeKit.framework */,
				64397871C6972A5B0339F9D6 /* Pods_DynamicTheme.framework */,
			);
			name = Frameworks;
			sourceTree = "<group>";
		};
		6BED1A718A999481CD8D3C3D /* Pods */ = {
			isa = PBXGroup;
			children = (
				99642BBCACF2C3FF682267D6 /* Pods-AUUThemeTest.debug.xcconfig */,
				A5D23E288575965846620A23 /* Pods-AUUThemeTest.release.xcconfig */,
				BEFB79BA8B164B09B7EC0E4B /* Pods-EasyTheme.debug.xcconfig */,
				22C636F88F913E37CEBBAE60 /* Pods-EasyTheme.release.xcconfig */,
				182FD1C8591A87A0FF06D199 /* Pods-ThemeKit.debug.xcconfig */,
				6A18F023EFD5632CAC48DE0C /* Pods-ThemeKit.release.xcconfig */,
				461A5B77799BCC8F94052A0A /* Pods-DynamicTheme.debug.xcconfig */,
				54F95D76FDD01AC87DCD614A /* Pods-DynamicTheme.release.xcconfig */,
			);
			name = Pods;
			sourceTree = "<group>";
		};
/* End PBXGroup section */

/* Begin PBXHeadersBuildPhase section */
		1C5300022065022000827C25 /* Headers */ = {
			isa = PBXHeadersBuildPhase;
			buildActionMask = 2147483647;
			files = (
				1C530020206505F900827C25 /* NSString+APPAppearance.h in Headers */,
				1C530016206502AF00827C25 /* APPAppearanceManager.h in Headers */,
				1C530033206507EF00827C25 /* APPAppearanceParamProtocol.h in Headers */,
				1C530028206506AE00827C25 /* UIColor+AUUAppearance.h in Headers */,
				1C53004A20650BE000827C25 /* UISwitch+APPAppearance.h in Headers */,
				1C53005A20650CA200827C25 /* UITextField+APPAppearance.h in Headers */,
				1C53004E20650C1400827C25 /* UITabBar+APPAppearance.h in Headers */,
				1C53005620650C7500827C25 /* UITableViewHeaderFooterView+APPAppearance.h in Headers */,
				1C53003E20650B4C00827C25 /* UILabel+APPAppearance.h in Headers */,
				1C53003A20650B1A00827C25 /* UIImageView+APPAppearance.h in Headers */,
				1C53006220650CF300827C25 /* UIToolbar+APPAppearance.h in Headers */,
				1C53004220650B7E00827C25 /* UINavigationBar+APPAppearance.h in Headers */,
				1C53005E20650CCC00827C25 /* UITextView+APPAppearance.h in Headers */,
				1C53005220650C4500827C25 /* UITableView+APPAppearance.h in Headers */,
				1C53003620650AD100827C25 /* UIButton+APPAppearance.h in Headers */,
				1C53006620650D1E00827C25 /* UIView+APPAppearance.h in Headers */,
				1C53004620650BAE00827C25 /* UISegmentedControl+APPAppearance.h in Headers */,
				1C53002C2065071100827C25 /* UIImage+APPAppearance.h in Headers */,
				1C530030206507E100827C25 /* APPCustomAppearanceModel.h in Headers */,
				1C5300242065060C00827C25 /* NSObject+APPAppearance.h in Headers */,
				1C5300092065022000827C25 /* DynamicTheme.h in Headers */,
				1C530019206502E700827C25 /* APPAppearanceManager+_Private.h in Headers */,
			);
			runOnlyForDeploymentPostprocessing = 0;
		};
/* End PBXHeadersBuildPhase section */

/* Begin PBXNativeTarget section */
		1C5300042065022000827C25 /* DynamicTheme */ = {
			isa = PBXNativeTarget;
			buildConfigurationList = 1C5300102065022000827C25 /* Build configuration list for PBXNativeTarget "DynamicTheme" */;
			buildPhases = (
				2C7F31B87310234561400EF9 /* [CP] Check Pods Manifest.lock */,
				1C5300002065022000827C25 /* Sources */,
				1C5300012065022000827C25 /* Frameworks */,
				1C5300022065022000827C25 /* Headers */,
				1C5300032065022000827C25 /* Resources */,
				1272ADB2B9DBABEAD56C729A /* [CP] Copy Pods Resources */,
			);
			buildRules = (
			);
			dependencies = (
			);
			name = DynamicTheme;
			productName = DynamicTheme;
			productReference = 1C5300052065022000827C25 /* DynamicTheme.framework */;
			productType = "com.apple.product-type.framework";
		};
		1CEEF4011E6668DE00EF15C0 /* AUUThemeTest */ = {
			isa = PBXNativeTarget;
			buildConfigurationList = 1CEEF42C1E6668DE00EF15C0 /* Build configuration list for PBXNativeTarget "AUUThemeTest" */;
			buildPhases = (
				B93F381E5A3EEF445FC8DCFA /* [CP] Check Pods Manifest.lock */,
				1CEEF3FE1E6668DE00EF15C0 /* Sources */,
				1CEEF3FF1E6668DE00EF15C0 /* Frameworks */,
				1CEEF4001E6668DE00EF15C0 /* Resources */,
				B85152C1EFD3CC67E19C32E8 /* [CP] Embed Pods Frameworks */,
				5B186775F1ECFACFF7959D32 /* [CP] Copy Pods Resources */,
				1CEEF5341E66929500EF15C0 /* Embed Frameworks */,
			);
			buildRules = (
			);
			dependencies = (
				1C53000B2065022000827C25 /* PBXTargetDependency */,
			);
			name = AUUThemeTest;
			productName = AUUThemeTest;
			productReference = 1CEEF4021E6668DE00EF15C0 /* AUUThemeTest.app */;
			productType = "com.apple.product-type.application";
		};
/* End PBXNativeTarget section */

/* Begin PBXProject section */
		1CEEF3831E66683600EF15C0 /* Project object */ = {
			isa = PBXProject;
			attributes = {
				LastUpgradeCheck = 0820;
				TargetAttributes = {
					1C5300042065022000827C25 = {
						CreatedOnToolsVersion = 9.2;
						DevelopmentTeam = NFE8L9VTV6;
						ProvisioningStyle = Automatic;
					};
					1CEEF4011E6668DE00EF15C0 = {
						CreatedOnToolsVersion = 8.2.1;
						DevelopmentTeam = NFE8L9VTV6;
						ProvisioningStyle = Manual;
					};
				};
			};
			buildConfigurationList = 1CEEF3861E66683600EF15C0 /* Build configuration list for PBXProject "EasyTheme" */;
			compatibilityVersion = "Xcode 3.2";
			developmentRegion = English;
			hasScannedForEncodings = 0;
			knownRegions = (
				en,
				Base,
			);
			mainGroup = 1CEEF3821E66683600EF15C0;
			productRefGroup = 1CEEF38F1E66686B00EF15C0 /* Products */;
			projectDirPath = "";
			projectRoot = "";
			targets = (
				1CEEF4011E6668DE00EF15C0 /* AUUThemeTest */,
				1C5300042065022000827C25 /* DynamicTheme */,
			);
		};
/* End PBXProject section */

/* Begin PBXResourcesBuildPhase section */
		1C5300032065022000827C25 /* Resources */ = {
			isa = PBXResourcesBuildPhase;
			buildActionMask = 2147483647;
			files = (
			);
			runOnlyForDeploymentPostprocessing = 0;
		};
		1CEEF4001E6668DE00EF15C0 /* Resources */ = {
			isa = PBXResourcesBuildPhase;
			buildActionMask = 2147483647;
			files = (
				1CEEF4811E666A7100EF15C0 /* statement.txt in Resources */,
				1CEEF47C1E666A7100EF15C0 /* 8.jpg in Resources */,
				1CEEF4821E666A7100EF15C0 /* white.json in Resources */,
				1CEEF4761E666A7100EF15C0 /* 2.jpeg in Resources */,
				1CEEF4141E6668DE00EF15C0 /* LaunchScreen.storyboard in Resources */,
				1CEEF4111E6668DE00EF15C0 /* Assets.xcassets in Resources */,
				1CEEF4771E666A7100EF15C0 /* 3.jpeg in Resources */,
				1CEEF4781E666A7100EF15C0 /* 4.jpeg in Resources */,
				1CEEF47B1E666A7100EF15C0 /* 7.jpeg in Resources */,
				1CEEF40F1E6668DE00EF15C0 /* Main.storyboard in Resources */,
				1CEEF47F1E666A7100EF15C0 /* lightred.json in Resources */,
				1CEEF47A1E666A7100EF15C0 /* 6.jpeg in Resources */,
				1CEEF47D1E666A7100EF15C0 /* 9.jpg in Resources */,
				1CEEF4801E666A7100EF15C0 /* pupurse.json in Resources */,
				1CEEF4751E666A7100EF15C0 /* 1.jpeg in Resources */,
				1CEEF47E1E666A7100EF15C0 /* lightblue.json in Resources */,
				1CEEF4791E666A7100EF15C0 /* 5.jpeg in Resources */,
			);
			runOnlyForDeploymentPostprocessing = 0;
		};
/* End PBXResourcesBuildPhase section */

/* Begin PBXShellScriptBuildPhase section */
		1272ADB2B9DBABEAD56C729A /* [CP] Copy Pods Resources */ = {
			isa = PBXShellScriptBuildPhase;
			buildActionMask = 2147483647;
			files = (
			);
			inputPaths = (
			);
			name = "[CP] Copy Pods Resources";
			outputPaths = (
			);
			runOnlyForDeploymentPostprocessing = 0;
			shellPath = /bin/sh;
			shellScript = "\"${SRCROOT}/Pods/Target Support Files/Pods-DynamicTheme/Pods-DynamicTheme-resources.sh\"\n";
			showEnvVarsInLog = 0;
		};
		2C7F31B87310234561400EF9 /* [CP] Check Pods Manifest.lock */ = {
			isa = PBXShellScriptBuildPhase;
			buildActionMask = 2147483647;
			files = (
			);
			inputPaths = (
				"${PODS_PODFILE_DIR_PATH}/Podfile.lock",
				"${PODS_ROOT}/Manifest.lock",
			);
			name = "[CP] Check Pods Manifest.lock";
			outputPaths = (
				"$(DERIVED_FILE_DIR)/Pods-DynamicTheme-checkManifestLockResult.txt",
			);
			runOnlyForDeploymentPostprocessing = 0;
			shellPath = /bin/sh;
			shellScript = "diff \"${PODS_PODFILE_DIR_PATH}/Podfile.lock\" \"${PODS_ROOT}/Manifest.lock\" > /dev/null\nif [ $? != 0 ] ; then\n    # print error to STDERR\n    echo \"error: The sandbox is not in sync with the Podfile.lock. Run 'pod install' or update your CocoaPods installation.\" >&2\n    exit 1\nfi\n# This output is used by Xcode 'outputs' to avoid re-running this script phase.\necho \"SUCCESS\" > \"${SCRIPT_OUTPUT_FILE_0}\"\n";
			showEnvVarsInLog = 0;
		};
		5B186775F1ECFACFF7959D32 /* [CP] Copy Pods Resources */ = {
			isa = PBXShellScriptBuildPhase;
			buildActionMask = 2147483647;
			files = (
			);
			inputPaths = (
			);
			name = "[CP] Copy Pods Resources";
			outputPaths = (
			);
			runOnlyForDeploymentPostprocessing = 0;
			shellPath = /bin/sh;
			shellScript = "\"${SRCROOT}/Pods/Target Support Files/Pods-AUUThemeTest/Pods-AUUThemeTest-resources.sh\"\n";
			showEnvVarsInLog = 0;
		};
		B85152C1EFD3CC67E19C32E8 /* [CP] Embed Pods Frameworks */ = {
			isa = PBXShellScriptBuildPhase;
			buildActionMask = 2147483647;
			files = (
			);
			inputPaths = (
				"${SRCROOT}/Pods/Target Support Files/Pods-AUUThemeTest/Pods-AUUThemeTest-frameworks.sh",
				"${BUILT_PRODUCTS_DIR}/HMSegmentedControl/HMSegmentedControl.framework",
				"${BUILT_PRODUCTS_DIR}/MJRefresh/MJRefresh.framework",
				"${BUILT_PRODUCTS_DIR}/Masonry/Masonry.framework",
				"${BUILT_PRODUCTS_DIR}/Nimbus/Nimbus.framework",
				"${BUILT_PRODUCTS_DIR}/SDWebImage/SDWebImage.framework",
				"${BUILT_PRODUCTS_DIR}/THSegmentedPager/THSegmentedPager.framework",
				"${BUILT_PRODUCTS_DIR}/UIView+Borders/UIView_Borders.framework",
			);
			name = "[CP] Embed Pods Frameworks";
			outputPaths = (
				"${TARGET_BUILD_DIR}/${FRAMEWORKS_FOLDER_PATH}/HMSegmentedControl.framework",
				"${TARGET_BUILD_DIR}/${FRAMEWORKS_FOLDER_PATH}/MJRefresh.framework",
				"${TARGET_BUILD_DIR}/${FRAMEWORKS_FOLDER_PATH}/Masonry.framework",
				"${TARGET_BUILD_DIR}/${FRAMEWORKS_FOLDER_PATH}/Nimbus.framework",
				"${TARGET_BUILD_DIR}/${FRAMEWORKS_FOLDER_PATH}/SDWebImage.framework",
				"${TARGET_BUILD_DIR}/${FRAMEWORKS_FOLDER_PATH}/THSegmentedPager.framework",
				"${TARGET_BUILD_DIR}/${FRAMEWORKS_FOLDER_PATH}/UIView_Borders.framework",
			);
			runOnlyForDeploymentPostprocessing = 0;
			shellPath = /bin/sh;
			shellScript = "\"${SRCROOT}/Pods/Target Support Files/Pods-AUUThemeTest/Pods-AUUThemeTest-frameworks.sh\"\n";
			showEnvVarsInLog = 0;
		};
		B93F381E5A3EEF445FC8DCFA /* [CP] Check Pods Manifest.lock */ = {
			isa = PBXShellScriptBuildPhase;
			buildActionMask = 2147483647;
			files = (
			);
			inputPaths = (
				"${PODS_PODFILE_DIR_PATH}/Podfile.lock",
				"${PODS_ROOT}/Manifest.lock",
			);
			name = "[CP] Check Pods Manifest.lock";
			outputPaths = (
				"$(DERIVED_FILE_DIR)/Pods-AUUThemeTest-checkManifestLockResult.txt",
			);
			runOnlyForDeploymentPostprocessing = 0;
			shellPath = /bin/sh;
			shellScript = "diff \"${PODS_PODFILE_DIR_PATH}/Podfile.lock\" \"${PODS_ROOT}/Manifest.lock\" > /dev/null\nif [ $? != 0 ] ; then\n    # print error to STDERR\n    echo \"error: The sandbox is not in sync with the Podfile.lock. Run 'pod install' or update your CocoaPods installation.\" >&2\n    exit 1\nfi\n# This output is used by Xcode 'outputs' to avoid re-running this script phase.\necho \"SUCCESS\" > \"${SCRIPT_OUTPUT_FILE_0}\"\n";
			showEnvVarsInLog = 0;
		};
/* End PBXShellScriptBuildPhase section */

/* Begin PBXSourcesBuildPhase section */
		1C5300002065022000827C25 /* Sources */ = {
			isa = PBXSourcesBuildPhase;
			buildActionMask = 2147483647;
			files = (
				1C53003F20650B4C00827C25 /* UILabel+APPAppearance.m in Sources */,
				1C53006320650CF300827C25 /* UIToolbar+APPAppearance.m in Sources */,
				1C530017206502AF00827C25 /* APPAppearanceManager.m in Sources */,
				1C53005F20650CCC00827C25 /* UITextView+APPAppearance.m in Sources */,
				1C53005720650C7500827C25 /* UITableViewHeaderFooterView+APPAppearance.m in Sources */,
				1C53003720650AD100827C25 /* UIButton+APPAppearance.m in Sources */,
				1C53004320650B7E00827C25 /* UINavigationBar+APPAppearance.m in Sources */,
				1C53004F20650C1400827C25 /* UITabBar+APPAppearance.m in Sources */,
				1C53004720650BAE00827C25 /* UISegmentedControl+APPAppearance.m in Sources */,
				1C530029206506AE00827C25 /* UIColor+AUUAppearance.m in Sources */,
				1C530031206507E100827C25 /* APPCustomAppearanceModel.m in Sources */,
				1C53005B20650CA200827C25 /* UITextField+APPAppearance.m in Sources */,
				1C53004B20650BE000827C25 /* UISwitch+APPAppearance.m in Sources */,
				1C53002D2065071100827C25 /* UIImage+APPAppearance.m in Sources */,
				1C530021206505F900827C25 /* NSString+APPAppearance.m in Sources */,
				1C53003B20650B1A00827C25 /* UIImageView+APPAppearance.m in Sources */,
				1C53006720650D1E00827C25 /* UIView+APPAppearance.m in Sources */,
				1C5300252065060C00827C25 /* NSObject+APPAppearance.m in Sources */,
				1C53005320650C4500827C25 /* UITableView+APPAppearance.m in Sources */,
			);
			runOnlyForDeploymentPostprocessing = 0;
		};
		1CEEF3FE1E6668DE00EF15C0 /* Sources */ = {
			isa = PBXSourcesBuildPhase;
			buildActionMask = 2147483647;
			files = (
				1CEEF4721E666A7100EF15C0 /* AUUThemeInfoTableViewCell.m in Sources */,
				1CEEF48F1E666A7100EF15C0 /* AUUUsersViewController.m in Sources */,
				1CEEF4701E666A7100EF15C0 /* HMSegmentedControl+AUUHelper.m in Sources */,
				1CEEF4711E666A7100EF15C0 /* UIImage+AUUHelper.m in Sources */,
				1CEEF48E1E666A7100EF15C0 /* AUUThemesListViewController.m in Sources */,
				1CEEF4851E666A7100EF15C0 /* AUUThemeModel.m in Sources */,
				1CEEF48C1E666A7100EF15C0 /* AUUMainViewController.m in Sources */,
				1CEEF4861E666A7100EF15C0 /* AUNavigationController.m in Sources */,
				1CEEF4831E666A7100EF15C0 /* AUUTestThemeManager.m in Sources */,
				1CEEF4891E666A7100EF15C0 /* AUURefreshHeader.m in Sources */,
				1CEEF4871E666A7100EF15C0 /* AUULoadMoreFooter.m in Sources */,
				1C28584E2060A93800E8936F /* AUUSubViewController.m in Sources */,
				1C11489820601A8000C11608 /* UIColor+Helper.m in Sources */,
				1CEEF4881E666A7100EF15C0 /* AUUPagerViewController.m in Sources */,
				1CEEF48D1E666A7100EF15C0 /* AUUSettingsViewController.m in Sources */,
				1CEEF4741E666A7100EF15C0 /* AUUUserModel.m in Sources */,
				1CEEF4091E6668DE00EF15C0 /* AppDelegate.m in Sources */,
				1CEEF4841E666A7100EF15C0 /* AUUThemeConstants.m in Sources */,
				1CEEF4061E6668DE00EF15C0 /* main.m in Sources */,
				1CEEF4731E666A7100EF15C0 /* AUUUserTableViewCell.m in Sources */,
				1CEEF48A1E666A7100EF15C0 /* AUUTableViewActions.m in Sources */,
				1CEEF48B1E666A7100EF15C0 /* AUUTableViewController.m in Sources */,
			);
			runOnlyForDeploymentPostprocessing = 0;
		};
/* End PBXSourcesBuildPhase section */

/* Begin PBXTargetDependency section */
		1C53000B2065022000827C25 /* PBXTargetDependency */ = {
			isa = PBXTargetDependency;
			target = 1C5300042065022000827C25 /* DynamicTheme */;
			targetProxy = 1C53000A2065022000827C25 /* PBXContainerItemProxy */;
		};
/* End PBXTargetDependency section */

/* Begin PBXVariantGroup section */
		1CEEF40D1E6668DE00EF15C0 /* Main.storyboard */ = {
			isa = PBXVariantGroup;
			children = (
				1CEEF40E1E6668DE00EF15C0 /* Base */,
			);
			name = Main.storyboard;
			sourceTree = "<group>";
		};
		1CEEF4121E6668DE00EF15C0 /* LaunchScreen.storyboard */ = {
			isa = PBXVariantGroup;
			children = (
				1CEEF4131E6668DE00EF15C0 /* Base */,
			);
			name = LaunchScreen.storyboard;
			sourceTree = "<group>";
		};
/* End PBXVariantGroup section */

/* Begin XCBuildConfiguration section */
		1C53000E2065022000827C25 /* Debug */ = {
			isa = XCBuildConfiguration;
			baseConfigurationReference = 461A5B77799BCC8F94052A0A /* Pods-DynamicTheme.debug.xcconfig */;
			buildSettings = {
				ALWAYS_SEARCH_USER_PATHS = NO;
				CLANG_ANALYZER_NONNULL = YES;
				CLANG_ANALYZER_NUMBER_OBJECT_CONVERSION = YES_AGGRESSIVE;
				CLANG_CXX_LANGUAGE_STANDARD = "gnu++14";
				CLANG_CXX_LIBRARY = "libc++";
				CLANG_ENABLE_MODULES = YES;
				CLANG_ENABLE_OBJC_ARC = YES;
				CLANG_WARN_BLOCK_CAPTURE_AUTORELEASING = YES;
				CLANG_WARN_BOOL_CONVERSION = YES;
				CLANG_WARN_COMMA = YES;
				CLANG_WARN_CONSTANT_CONVERSION = YES;
				CLANG_WARN_DIRECT_OBJC_ISA_USAGE = YES_ERROR;
				CLANG_WARN_DOCUMENTATION_COMMENTS = YES;
				CLANG_WARN_EMPTY_BODY = YES;
				CLANG_WARN_ENUM_CONVERSION = YES;
				CLANG_WARN_INFINITE_RECURSION = YES;
				CLANG_WARN_INT_CONVERSION = YES;
				CLANG_WARN_NON_LITERAL_NULL_CONVERSION = YES;
				CLANG_WARN_OBJC_LITERAL_CONVERSION = YES;
				CLANG_WARN_OBJC_ROOT_CLASS = YES_ERROR;
				CLANG_WARN_RANGE_LOOP_ANALYSIS = YES;
				CLANG_WARN_STRICT_PROTOTYPES = YES;
				CLANG_WARN_SUSPICIOUS_MOVE = YES;
				CLANG_WARN_UNGUARDED_AVAILABILITY = YES_AGGRESSIVE;
				CLANG_WARN_UNREACHABLE_CODE = YES;
				CLANG_WARN__DUPLICATE_METHOD_MATCH = YES;
				CODE_SIGN_IDENTITY = "iPhone Developer";
				CODE_SIGN_STYLE = Automatic;
				COPY_PHASE_STRIP = NO;
				CURRENT_PROJECT_VERSION = 1;
				DEBUG_INFORMATION_FORMAT = dwarf;
				DEFINES_MODULE = YES;
				DEVELOPMENT_TEAM = NFE8L9VTV6;
				DYLIB_COMPATIBILITY_VERSION = 1;
				DYLIB_CURRENT_VERSION = 1;
				DYLIB_INSTALL_NAME_BASE = "@rpath";
				ENABLE_STRICT_OBJC_MSGSEND = YES;
				ENABLE_TESTABILITY = YES;
				GCC_C_LANGUAGE_STANDARD = gnu11;
				GCC_DYNAMIC_NO_PIC = NO;
				GCC_NO_COMMON_BLOCKS = YES;
				GCC_OPTIMIZATION_LEVEL = 0;
				GCC_PREPROCESSOR_DEFINITIONS = (
					"DEBUG=1",
					"$(inherited)",
				);
				GCC_WARN_64_TO_32_BIT_CONVERSION = YES;
				GCC_WARN_ABOUT_RETURN_TYPE = YES_ERROR;
				GCC_WARN_UNDECLARED_SELECTOR = YES;
				GCC_WARN_UNINITIALIZED_AUTOS = YES_AGGRESSIVE;
				GCC_WARN_UNUSED_FUNCTION = YES;
				GCC_WARN_UNUSED_VARIABLE = YES;
				INFOPLIST_FILE = DynamicTheme/Info.plist;
				INSTALL_PATH = "$(LOCAL_LIBRARY_DIR)/Frameworks";
				IPHONEOS_DEPLOYMENT_TARGET = 8.0;
				LD_RUNPATH_SEARCH_PATHS = "$(inherited) @executable_path/Frameworks @loader_path/Frameworks";
				MTL_ENABLE_DEBUG_INFO = YES;
				ONLY_ACTIVE_ARCH = YES;
				PRODUCT_BUNDLE_IDENTIFIER = com.jyhu.DynamicTheme;
				PRODUCT_NAME = "$(TARGET_NAME:c99extidentifier)";
				SDKROOT = iphoneos;
				SKIP_INSTALL = YES;
				TARGETED_DEVICE_FAMILY = "1,2";
				VERSIONING_SYSTEM = "apple-generic";
				VERSION_INFO_PREFIX = "";
			};
			name = Debug;
		};
		1C53000F2065022000827C25 /* Release */ = {
			isa = XCBuildConfiguration;
			baseConfigurationReference = 54F95D76FDD01AC87DCD614A /* Pods-DynamicTheme.release.xcconfig */;
			buildSettings = {
				ALWAYS_SEARCH_USER_PATHS = NO;
				CLANG_ANALYZER_NONNULL = YES;
				CLANG_ANALYZER_NUMBER_OBJECT_CONVERSION = YES_AGGRESSIVE;
				CLANG_CXX_LANGUAGE_STANDARD = "gnu++14";
				CLANG_CXX_LIBRARY = "libc++";
				CLANG_ENABLE_MODULES = YES;
				CLANG_ENABLE_OBJC_ARC = YES;
				CLANG_WARN_BLOCK_CAPTURE_AUTORELEASING = YES;
				CLANG_WARN_BOOL_CONVERSION = YES;
				CLANG_WARN_COMMA = YES;
				CLANG_WARN_CONSTANT_CONVERSION = YES;
				CLANG_WARN_DIRECT_OBJC_ISA_USAGE = YES_ERROR;
				CLANG_WARN_DOCUMENTATION_COMMENTS = YES;
				CLANG_WARN_EMPTY_BODY = YES;
				CLANG_WARN_ENUM_CONVERSION = YES;
				CLANG_WARN_INFINITE_RECURSION = YES;
				CLANG_WARN_INT_CONVERSION = YES;
				CLANG_WARN_NON_LITERAL_NULL_CONVERSION = YES;
				CLANG_WARN_OBJC_LITERAL_CONVERSION = YES;
				CLANG_WARN_OBJC_ROOT_CLASS = YES_ERROR;
				CLANG_WARN_RANGE_LOOP_ANALYSIS = YES;
				CLANG_WARN_STRICT_PROTOTYPES = YES;
				CLANG_WARN_SUSPICIOUS_MOVE = YES;
				CLANG_WARN_UNGUARDED_AVAILABILITY = YES_AGGRESSIVE;
				CLANG_WARN_UNREACHABLE_CODE = YES;
				CLANG_WARN__DUPLICATE_METHOD_MATCH = YES;
				CODE_SIGN_IDENTITY = "iPhone Developer";
				CODE_SIGN_STYLE = Automatic;
				COPY_PHASE_STRIP = NO;
				CURRENT_PROJECT_VERSION = 1;
				DEBUG_INFORMATION_FORMAT = "dwarf-with-dsym";
				DEFINES_MODULE = YES;
				DEVELOPMENT_TEAM = "";
				DYLIB_COMPATIBILITY_VERSION = 1;
				DYLIB_CURRENT_VERSION = 1;
				DYLIB_INSTALL_NAME_BASE = "@rpath";
				ENABLE_NS_ASSERTIONS = NO;
				ENABLE_STRICT_OBJC_MSGSEND = YES;
				GCC_C_LANGUAGE_STANDARD = gnu11;
				GCC_NO_COMMON_BLOCKS = YES;
				GCC_WARN_64_TO_32_BIT_CONVERSION = YES;
				GCC_WARN_ABOUT_RETURN_TYPE = YES_ERROR;
				GCC_WARN_UNDECLARED_SELECTOR = YES;
				GCC_WARN_UNINITIALIZED_AUTOS = YES_AGGRESSIVE;
				GCC_WARN_UNUSED_FUNCTION = YES;
				GCC_WARN_UNUSED_VARIABLE = YES;
				INFOPLIST_FILE = DynamicTheme/Info.plist;
				INSTALL_PATH = "$(LOCAL_LIBRARY_DIR)/Frameworks";
				IPHONEOS_DEPLOYMENT_TARGET = 8.0;
				LD_RUNPATH_SEARCH_PATHS = "$(inherited) @executable_path/Frameworks @loader_path/Frameworks";
				MTL_ENABLE_DEBUG_INFO = NO;
				PRODUCT_BUNDLE_IDENTIFIER = com.jyhu.DynamicTheme;
				PRODUCT_NAME = "$(TARGET_NAME:c99extidentifier)";
				SDKROOT = iphoneos;
				SKIP_INSTALL = YES;
				TARGETED_DEVICE_FAMILY = "1,2";
				VALIDATE_PRODUCT = YES;
				VERSIONING_SYSTEM = "apple-generic";
				VERSION_INFO_PREFIX = "";
			};
			name = Release;
		};
		1CEEF3871E66683600EF15C0 /* Debug */ = {
			isa = XCBuildConfiguration;
			buildSettings = {
			};
			name = Debug;
		};
		1CEEF3881E66683600EF15C0 /* Release */ = {
			isa = XCBuildConfiguration;
			buildSettings = {
			};
			name = Release;
		};
		1CEEF42D1E6668DE00EF15C0 /* Debug */ = {
			isa = XCBuildConfiguration;
			baseConfigurationReference = 99642BBCACF2C3FF682267D6 /* Pods-AUUThemeTest.debug.xcconfig */;
			buildSettings = {
				ALWAYS_SEARCH_USER_PATHS = NO;
				ASSETCATALOG_COMPILER_APPICON_NAME = AppIcon;
				CLANG_ANALYZER_NONNULL = YES;
				CLANG_CXX_LANGUAGE_STANDARD = "gnu++0x";
				CLANG_CXX_LIBRARY = "libc++";
				CLANG_ENABLE_MODULES = YES;
				CLANG_ENABLE_OBJC_ARC = YES;
				CLANG_WARN_BOOL_CONVERSION = YES;
				CLANG_WARN_CONSTANT_CONVERSION = YES;
				CLANG_WARN_DIRECT_OBJC_ISA_USAGE = YES_ERROR;
				CLANG_WARN_DOCUMENTATION_COMMENTS = YES;
				CLANG_WARN_EMPTY_BODY = YES;
				CLANG_WARN_ENUM_CONVERSION = YES;
				CLANG_WARN_INFINITE_RECURSION = YES;
				CLANG_WARN_INT_CONVERSION = YES;
				CLANG_WARN_OBJC_ROOT_CLASS = YES_ERROR;
				CLANG_WARN_SUSPICIOUS_MOVE = YES;
				CLANG_WARN_UNREACHABLE_CODE = YES;
				CLANG_WARN__DUPLICATE_METHOD_MATCH = YES;
				CODE_SIGN_IDENTITY = "iPhone Developer";
				"CODE_SIGN_IDENTITY[sdk=iphoneos*]" = "iPhone Developer";
				CODE_SIGN_STYLE = Manual;
				COPY_PHASE_STRIP = NO;
				DEBUG_INFORMATION_FORMAT = dwarf;
				DEVELOPMENT_TEAM = NFE8L9VTV6;
				ENABLE_BITCODE = NO;
				ENABLE_STRICT_OBJC_MSGSEND = YES;
				ENABLE_TESTABILITY = YES;
				GCC_C_LANGUAGE_STANDARD = gnu99;
				GCC_DYNAMIC_NO_PIC = NO;
				GCC_NO_COMMON_BLOCKS = YES;
				GCC_OPTIMIZATION_LEVEL = 0;
				GCC_PREFIX_HEADER = "${SRCROOT}/AUUThemeTest/AUUThemeTest.pch";
				GCC_PREPROCESSOR_DEFINITIONS = (
					"DEBUG=1",
					"$(inherited)",
				);
				GCC_WARN_64_TO_32_BIT_CONVERSION = YES;
				GCC_WARN_ABOUT_RETURN_TYPE = YES_ERROR;
				GCC_WARN_UNDECLARED_SELECTOR = YES;
				GCC_WARN_UNINITIALIZED_AUTOS = YES_AGGRESSIVE;
				GCC_WARN_UNUSED_FUNCTION = YES;
				GCC_WARN_UNUSED_VARIABLE = YES;
				INFOPLIST_FILE = AUUThemeTest/Info.plist;
				IPHONEOS_DEPLOYMENT_TARGET = 8.0;
				LD_RUNPATH_SEARCH_PATHS = "$(inherited) @executable_path/Frameworks";
				MTL_ENABLE_DEBUG_INFO = YES;
				ONLY_ACTIVE_ARCH = YES;
				PRODUCT_BUNDLE_IDENTIFIER = com.jyhu.AUUThemeTest;
				PRODUCT_NAME = "$(TARGET_NAME)";
				PROVISIONING_PROFILE = "35cce438-3c9a-4123-a310-ceec4c8c52c4";
				PROVISIONING_PROFILE_SPECIFIER = "hujinyou-mbp-dev-all-170329";
				SDKROOT = iphoneos;
				TARGETED_DEVICE_FAMILY = "1,2";
			};
			name = Debug;
		};
		1CEEF42E1E6668DE00EF15C0 /* Release */ = {
			isa = XCBuildConfiguration;
			baseConfigurationReference = A5D23E288575965846620A23 /* Pods-AUUThemeTest.release.xcconfig */;
			buildSettings = {
				ALWAYS_SEARCH_USER_PATHS = NO;
				ASSETCATALOG_COMPILER_APPICON_NAME = AppIcon;
				CLANG_ANALYZER_NONNULL = YES;
				CLANG_CXX_LANGUAGE_STANDARD = "gnu++0x";
				CLANG_CXX_LIBRARY = "libc++";
				CLANG_ENABLE_MODULES = YES;
				CLANG_ENABLE_OBJC_ARC = YES;
				CLANG_WARN_BOOL_CONVERSION = YES;
				CLANG_WARN_CONSTANT_CONVERSION = YES;
				CLANG_WARN_DIRECT_OBJC_ISA_USAGE = YES_ERROR;
				CLANG_WARN_DOCUMENTATION_COMMENTS = YES;
				CLANG_WARN_EMPTY_BODY = YES;
				CLANG_WARN_ENUM_CONVERSION = YES;
				CLANG_WARN_INFINITE_RECURSION = YES;
				CLANG_WARN_INT_CONVERSION = YES;
				CLANG_WARN_OBJC_ROOT_CLASS = YES_ERROR;
				CLANG_WARN_SUSPICIOUS_MOVE = YES;
				CLANG_WARN_UNREACHABLE_CODE = YES;
				CLANG_WARN__DUPLICATE_METHOD_MATCH = YES;
				CODE_SIGN_IDENTITY = "iPhone Developer";
				"CODE_SIGN_IDENTITY[sdk=iphoneos*]" = "iPhone Developer";
				CODE_SIGN_STYLE = Manual;
				COPY_PHASE_STRIP = NO;
				DEBUG_INFORMATION_FORMAT = "dwarf-with-dsym";
				DEVELOPMENT_TEAM = "";
				ENABLE_BITCODE = NO;
				ENABLE_NS_ASSERTIONS = NO;
				ENABLE_STRICT_OBJC_MSGSEND = YES;
				GCC_C_LANGUAGE_STANDARD = gnu99;
				GCC_NO_COMMON_BLOCKS = YES;
				GCC_PREFIX_HEADER = "${SRCROOT}/AUUThemeTest/AUUThemeTest.pch";
				GCC_WARN_64_TO_32_BIT_CONVERSION = YES;
				GCC_WARN_ABOUT_RETURN_TYPE = YES_ERROR;
				GCC_WARN_UNDECLARED_SELECTOR = YES;
				GCC_WARN_UNINITIALIZED_AUTOS = YES_AGGRESSIVE;
				GCC_WARN_UNUSED_FUNCTION = YES;
				GCC_WARN_UNUSED_VARIABLE = YES;
				INFOPLIST_FILE = AUUThemeTest/Info.plist;
				IPHONEOS_DEPLOYMENT_TARGET = 8.0;
				LD_RUNPATH_SEARCH_PATHS = "$(inherited) @executable_path/Frameworks";
				MTL_ENABLE_DEBUG_INFO = NO;
				PRODUCT_BUNDLE_IDENTIFIER = com.jyhu.AUUThemeTest;
				PRODUCT_NAME = "$(TARGET_NAME)";
				PROVISIONING_PROFILE_SPECIFIER = "";
				SDKROOT = iphoneos;
				TARGETED_DEVICE_FAMILY = "1,2";
				VALIDATE_PRODUCT = YES;
			};
			name = Release;
		};
/* End XCBuildConfiguration section */

/* Begin XCConfigurationList section */
		1C5300102065022000827C25 /* Build configuration list for PBXNativeTarget "DynamicTheme" */ = {
			isa = XCConfigurationList;
			buildConfigurations = (
				1C53000E2065022000827C25 /* Debug */,
				1C53000F2065022000827C25 /* Release */,
			);
			defaultConfigurationIsVisible = 0;
			defaultConfigurationName = Release;
		};
		1CEEF3861E66683600EF15C0 /* Build configuration list for PBXProject "EasyTheme" */ = {
			isa = XCConfigurationList;
			buildConfigurations = (
				1CEEF3871E66683600EF15C0 /* Debug */,
				1CEEF3881E66683600EF15C0 /* Release */,
			);
			defaultConfigurationIsVisible = 0;
			defaultConfigurationName = Release;
		};
		1CEEF42C1E6668DE00EF15C0 /* Build configuration list for PBXNativeTarget "AUUThemeTest" */ = {
			isa = XCConfigurationList;
			buildConfigurations = (
				1CEEF42D1E6668DE00EF15C0 /* Debug */,
				1CEEF42E1E6668DE00EF15C0 /* Release */,
			);
			defaultConfigurationIsVisible = 0;
			defaultConfigurationName = Release;
		};
/* End XCConfigurationList section */
	};
	rootObject = 1CEEF3831E66683600EF15C0 /* Project object */;
}
