// !$*UTF8*$!
{
	archiveVersion = 1;
	classes = {
	};
	objectVersion = 46;
	objects = {

/* Begin PBXBuildFile section */
		1C9050421E5C939B00B95641 /* NSObject+AUUMethodCache.m in Sources */ = {isa = PBXBuildFile; fileRef = 1C9050411E5C939B00B95641 /* NSObject+AUUMethodCache.m */; };
		1C9050481E5DDFF800B95641 /* NSString+AUUTheme.m in Sources */ = {isa = PBXBuildFile; fileRef = 1C9050471E5DDFF800B95641 /* NSString+AUUTheme.m */; };
		1C90504B1E5DF60400B95641 /* UIToolbar+AUUTheme.m in Sources */ = {isa = PBXBuildFile; fileRef = 1C90504A1E5DF60400B95641 /* UIToolbar+AUUTheme.m */; };
		1C90504E1E5F1FA500B95641 /* UITableViewHeaderFooterView+AUUTheme.m in Sources */ = {isa = PBXBuildFile; fileRef = 1C90504D1E5F1FA500B95641 /* UITableViewHeaderFooterView+AUUTheme.m */; };
		1C9050571E5F269300B95641 /* UITabBar+AUUTheme.m in Sources */ = {isa = PBXBuildFile; fileRef = 1C9050561E5F269300B95641 /* UITabBar+AUUTheme.m */; };
		1C90505B1E5F391200B95641 /* AUUTestThemeManager.m in Sources */ = {isa = PBXBuildFile; fileRef = 1C90505A1E5F391200B95641 /* AUUTestThemeManager.m */; };
		1C90505E1E5F39AF00B95641 /* AUUThemeModel.m in Sources */ = {isa = PBXBuildFile; fileRef = 1C90505D1E5F39AF00B95641 /* AUUThemeModel.m */; };
		1C9050601E5F449500B95641 /* UIImageView+AUUTheme.m in Sources */ = {isa = PBXBuildFile; fileRef = 1C90505F1E5F449500B95641 /* UIImageView+AUUTheme.m */; };
		1C9050621E5F44B500B95641 /* UITextField+AUUTheme.m in Sources */ = {isa = PBXBuildFile; fileRef = 1C9050611E5F44B500B95641 /* UITextField+AUUTheme.m */; };
		1CF0449C1E51A6CF00D836F5 /* main.m in Sources */ = {isa = PBXBuildFile; fileRef = 1CF0449B1E51A6CF00D836F5 /* main.m */; };
		1CF0449F1E51A6CF00D836F5 /* AppDelegate.m in Sources */ = {isa = PBXBuildFile; fileRef = 1CF0449E1E51A6CF00D836F5 /* AppDelegate.m */; };
		1CF044A21E51A6CF00D836F5 /* ViewController.m in Sources */ = {isa = PBXBuildFile; fileRef = 1CF044A11E51A6CF00D836F5 /* ViewController.m */; };
		1CF044A51E51A6CF00D836F5 /* Main.storyboard in Resources */ = {isa = PBXBuildFile; fileRef = 1CF044A31E51A6CF00D836F5 /* Main.storyboard */; };
		1CF044A71E51A6CF00D836F5 /* Assets.xcassets in Resources */ = {isa = PBXBuildFile; fileRef = 1CF044A61E51A6CF00D836F5 /* Assets.xcassets */; };
		1CF044AA1E51A6CF00D836F5 /* LaunchScreen.storyboard in Resources */ = {isa = PBXBuildFile; fileRef = 1CF044A81E51A6CF00D836F5 /* LaunchScreen.storyboard */; };
		1CF044B51E51A6CF00D836F5 /* ThemeTestUITests.m in Sources */ = {isa = PBXBuildFile; fileRef = 1CF044B41E51A6CF00D836F5 /* ThemeTestUITests.m */; };
		1CF044C41E51A7A800D836F5 /* AUUThemeConstants.m in Sources */ = {isa = PBXBuildFile; fileRef = 1CF044C31E51A7A800D836F5 /* AUUThemeConstants.m */; };
		1CF044C81E51A7D600D836F5 /* AUUThemeManager.m in Sources */ = {isa = PBXBuildFile; fileRef = 1CF044C71E51A7D600D836F5 /* AUUThemeManager.m */; };
		1CF0453B1E51B7A700D836F5 /* LocalBlackTheme.bundle in Resources */ = {isa = PBXBuildFile; fileRef = 1CF045391E51B7A700D836F5 /* LocalBlackTheme.bundle */; };
		1CF0453C1E51B7A700D836F5 /* LocalWhiteTheme.bundle in Resources */ = {isa = PBXBuildFile; fileRef = 1CF0453A1E51B7A700D836F5 /* LocalWhiteTheme.bundle */; };
		1CF0455D1E52CEF200D836F5 /* UIView+AUUTheme.m in Sources */ = {isa = PBXBuildFile; fileRef = 1CF0455C1E52CEF200D836F5 /* UIView+AUUTheme.m */; };
		1CF045601E52CF0200D836F5 /* UILabel+AUUTheme.m in Sources */ = {isa = PBXBuildFile; fileRef = 1CF0455F1E52CF0200D836F5 /* UILabel+AUUTheme.m */; };
		1CF045631E52CF0E00D836F5 /* UIButton+AUUTheme.m in Sources */ = {isa = PBXBuildFile; fileRef = 1CF045621E52CF0E00D836F5 /* UIButton+AUUTheme.m */; };
		1CF045661E52CF2200D836F5 /* UISegmentedControl+AUUTheme.m in Sources */ = {isa = PBXBuildFile; fileRef = 1CF045651E52CF2200D836F5 /* UISegmentedControl+AUUTheme.m */; };
		1CF0456C1E52CF6300D836F5 /* UITextView+AUUTheme.m in Sources */ = {isa = PBXBuildFile; fileRef = 1CF0456B1E52CF6300D836F5 /* UITextView+AUUTheme.m */; };
		1CF045721E52CF9D00D836F5 /* UISwitch+AUUTheme.m in Sources */ = {isa = PBXBuildFile; fileRef = 1CF045711E52CF9D00D836F5 /* UISwitch+AUUTheme.m */; };
		1CF045751E52D03800D836F5 /* UIImage+AUUTheme.m in Sources */ = {isa = PBXBuildFile; fileRef = 1CF045741E52D03800D836F5 /* UIImage+AUUTheme.m */; };
		1CF045781E52D06000D836F5 /* UIColor+AUUTheme.m in Sources */ = {isa = PBXBuildFile; fileRef = 1CF045771E52D06000D836F5 /* UIColor+AUUTheme.m */; };
		1CF0457B1E52D0CB00D836F5 /* NSObject+AUUTheme.m in Sources */ = {isa = PBXBuildFile; fileRef = 1CF0457A1E52D0CB00D836F5 /* NSObject+AUUTheme.m */; };
		1CF0458D1E52F2FA00D836F5 /* 11.jpg in Resources */ = {isa = PBXBuildFile; fileRef = 1CF0458B1E52F2FA00D836F5 /* 11.jpg */; };
		1CF0458E1E52F2FA00D836F5 /* 33.jpg in Resources */ = {isa = PBXBuildFile; fileRef = 1CF0458C1E52F2FA00D836F5 /* 33.jpg */; };
/* End PBXBuildFile section */

/* Begin PBXContainerItemProxy section */
		1CF044B11E51A6CF00D836F5 /* PBXContainerItemProxy */ = {
			isa = PBXContainerItemProxy;
			containerPortal = 1CF0448F1E51A6CF00D836F5 /* Project object */;
			proxyType = 1;
			remoteGlobalIDString = 1CF044961E51A6CF00D836F5;
			remoteInfo = ThemeTest;
		};
/* End PBXContainerItemProxy section */

/* Begin PBXFileReference section */
		1C9050401E5C939B00B95641 /* NSObject+AUUMethodCache.h */ = {isa = PBXFileReference; fileEncoding = 4; lastKnownFileType = sourcecode.c.h; path = "NSObject+AUUMethodCache.h"; sourceTree = "<group>"; };
		1C9050411E5C939B00B95641 /* NSObject+AUUMethodCache.m */ = {isa = PBXFileReference; fileEncoding = 4; lastKnownFileType = sourcecode.c.objc; path = "NSObject+AUUMethodCache.m"; sourceTree = "<group>"; };
		1C9050461E5DDFF800B95641 /* NSString+AUUTheme.h */ = {isa = PBXFileReference; fileEncoding = 4; lastKnownFileType = sourcecode.c.h; path = "NSString+AUUTheme.h"; sourceTree = "<group>"; };
		1C9050471E5DDFF800B95641 /* NSString+AUUTheme.m */ = {isa = PBXFileReference; fileEncoding = 4; lastKnownFileType = sourcecode.c.objc; path = "NSString+AUUTheme.m"; sourceTree = "<group>"; };
		1C9050491E5DF60400B95641 /* UIToolbar+AUUTheme.h */ = {isa = PBXFileReference; fileEncoding = 4; lastKnownFileType = sourcecode.c.h; path = "UIToolbar+AUUTheme.h"; sourceTree = "<group>"; };
		1C90504A1E5DF60400B95641 /* UIToolbar+AUUTheme.m */ = {isa = PBXFileReference; fileEncoding = 4; lastKnownFileType = sourcecode.c.objc; path = "UIToolbar+AUUTheme.m"; sourceTree = "<group>"; };
		1C90504C1E5F1FA500B95641 /* UITableViewHeaderFooterView+AUUTheme.h */ = {isa = PBXFileReference; fileEncoding = 4; lastKnownFileType = sourcecode.c.h; path = "UITableViewHeaderFooterView+AUUTheme.h"; sourceTree = "<group>"; };
		1C90504D1E5F1FA500B95641 /* UITableViewHeaderFooterView+AUUTheme.m */ = {isa = PBXFileReference; fileEncoding = 4; lastKnownFileType = sourcecode.c.objc; path = "UITableViewHeaderFooterView+AUUTheme.m"; sourceTree = "<group>"; };
		1C9050551E5F269300B95641 /* UITabBar+AUUTheme.h */ = {isa = PBXFileReference; fileEncoding = 4; lastKnownFileType = sourcecode.c.h; path = "UITabBar+AUUTheme.h"; sourceTree = "<group>"; };
		1C9050561E5F269300B95641 /* UITabBar+AUUTheme.m */ = {isa = PBXFileReference; fileEncoding = 4; lastKnownFileType = sourcecode.c.objc; path = "UITabBar+AUUTheme.m"; sourceTree = "<group>"; };
		1C9050591E5F391200B95641 /* AUUTestThemeManager.h */ = {isa = PBXFileReference; fileEncoding = 4; lastKnownFileType = sourcecode.c.h; path = AUUTestThemeManager.h; sourceTree = "<group>"; };
		1C90505A1E5F391200B95641 /* AUUTestThemeManager.m */ = {isa = PBXFileReference; fileEncoding = 4; lastKnownFileType = sourcecode.c.objc; path = AUUTestThemeManager.m; sourceTree = "<group>"; };
		1C90505C1E5F39AF00B95641 /* AUUThemeModel.h */ = {isa = PBXFileReference; fileEncoding = 4; lastKnownFileType = sourcecode.c.h; path = AUUThemeModel.h; sourceTree = "<group>"; };
		1C90505D1E5F39AF00B95641 /* AUUThemeModel.m */ = {isa = PBXFileReference; fileEncoding = 4; lastKnownFileType = sourcecode.c.objc; path = AUUThemeModel.m; sourceTree = "<group>"; };
		1C90505F1E5F449500B95641 /* UIImageView+AUUTheme.m */ = {isa = PBXFileReference; fileEncoding = 4; lastKnownFileType = sourcecode.c.objc; path = "UIImageView+AUUTheme.m"; sourceTree = "<group>"; };
		1C9050611E5F44B500B95641 /* UITextField+AUUTheme.m */ = {isa = PBXFileReference; fileEncoding = 4; lastKnownFileType = sourcecode.c.objc; path = "UITextField+AUUTheme.m"; sourceTree = "<group>"; };
		1CF044971E51A6CF00D836F5 /* ThemeTest.app */ = {isa = PBXFileReference; explicitFileType = wrapper.application; includeInIndex = 0; path = ThemeTest.app; sourceTree = BUILT_PRODUCTS_DIR; };
		1CF0449B1E51A6CF00D836F5 /* main.m */ = {isa = PBXFileReference; lastKnownFileType = sourcecode.c.objc; path = main.m; sourceTree = "<group>"; };
		1CF0449D1E51A6CF00D836F5 /* AppDelegate.h */ = {isa = PBXFileReference; lastKnownFileType = sourcecode.c.h; path = AppDelegate.h; sourceTree = "<group>"; };
		1CF0449E1E51A6CF00D836F5 /* AppDelegate.m */ = {isa = PBXFileReference; lastKnownFileType = sourcecode.c.objc; path = AppDelegate.m; sourceTree = "<group>"; };
		1CF044A01E51A6CF00D836F5 /* ViewController.h */ = {isa = PBXFileReference; lastKnownFileType = sourcecode.c.h; path = ViewController.h; sourceTree = "<group>"; };
		1CF044A11E51A6CF00D836F5 /* ViewController.m */ = {isa = PBXFileReference; lastKnownFileType = sourcecode.c.objc; path = ViewController.m; sourceTree = "<group>"; };
		1CF044A41E51A6CF00D836F5 /* Base */ = {isa = PBXFileReference; lastKnownFileType = file.storyboard; name = Base; path = Base.lproj/Main.storyboard; sourceTree = "<group>"; };
		1CF044A61E51A6CF00D836F5 /* Assets.xcassets */ = {isa = PBXFileReference; lastKnownFileType = folder.assetcatalog; path = Assets.xcassets; sourceTree = "<group>"; };
		1CF044A91E51A6CF00D836F5 /* Base */ = {isa = PBXFileReference; lastKnownFileType = file.storyboard; name = Base; path = Base.lproj/LaunchScreen.storyboard; sourceTree = "<group>"; };
		1CF044AB1E51A6CF00D836F5 /* Info.plist */ = {isa = PBXFileReference; lastKnownFileType = text.plist.xml; path = Info.plist; sourceTree = "<group>"; };
		1CF044B01E51A6CF00D836F5 /* ThemeTestUITests.xctest */ = {isa = PBXFileReference; explicitFileType = wrapper.cfbundle; includeInIndex = 0; path = ThemeTestUITests.xctest; sourceTree = BUILT_PRODUCTS_DIR; };
		1CF044B41E51A6CF00D836F5 /* ThemeTestUITests.m */ = {isa = PBXFileReference; lastKnownFileType = sourcecode.c.objc; path = ThemeTestUITests.m; sourceTree = "<group>"; };
		1CF044B61E51A6CF00D836F5 /* Info.plist */ = {isa = PBXFileReference; lastKnownFileType = text.plist.xml; path = Info.plist; sourceTree = "<group>"; };
		1CF044C21E51A7A800D836F5 /* AUUThemeConstants.h */ = {isa = PBXFileReference; fileEncoding = 4; lastKnownFileType = sourcecode.c.h; path = AUUThemeConstants.h; sourceTree = "<group>"; };
		1CF044C31E51A7A800D836F5 /* AUUThemeConstants.m */ = {isa = PBXFileReference; fileEncoding = 4; lastKnownFileType = sourcecode.c.objc; path = AUUThemeConstants.m; sourceTree = "<group>"; };
		1CF044C61E51A7D600D836F5 /* AUUThemeManager.h */ = {isa = PBXFileReference; fileEncoding = 4; lastKnownFileType = sourcecode.c.h; path = AUUThemeManager.h; sourceTree = "<group>"; };
		1CF044C71E51A7D600D836F5 /* AUUThemeManager.m */ = {isa = PBXFileReference; fileEncoding = 4; lastKnownFileType = sourcecode.c.objc; path = AUUThemeManager.m; sourceTree = "<group>"; };
		1CF044CA1E51A7FD00D836F5 /* AUUThemeKits.h */ = {isa = PBXFileReference; lastKnownFileType = sourcecode.c.h; path = AUUThemeKits.h; sourceTree = "<group>"; };
		1CF045391E51B7A700D836F5 /* LocalBlackTheme.bundle */ = {isa = PBXFileReference; lastKnownFileType = "wrapper.plug-in"; path = LocalBlackTheme.bundle; sourceTree = "<group>"; };
		1CF0453A1E51B7A700D836F5 /* LocalWhiteTheme.bundle */ = {isa = PBXFileReference; lastKnownFileType = "wrapper.plug-in"; path = LocalWhiteTheme.bundle; sourceTree = "<group>"; };
		1CF0455B1E52CEF200D836F5 /* UIView+AUUTheme.h */ = {isa = PBXFileReference; fileEncoding = 4; lastKnownFileType = sourcecode.c.h; path = "UIView+AUUTheme.h"; sourceTree = "<group>"; };
		1CF0455C1E52CEF200D836F5 /* UIView+AUUTheme.m */ = {isa = PBXFileReference; fileEncoding = 4; lastKnownFileType = sourcecode.c.objc; path = "UIView+AUUTheme.m"; sourceTree = "<group>"; };
		1CF0455E1E52CF0200D836F5 /* UILabel+AUUTheme.h */ = {isa = PBXFileReference; fileEncoding = 4; lastKnownFileType = sourcecode.c.h; path = "UILabel+AUUTheme.h"; sourceTree = "<group>"; };
		1CF0455F1E52CF0200D836F5 /* UILabel+AUUTheme.m */ = {isa = PBXFileReference; fileEncoding = 4; lastKnownFileType = sourcecode.c.objc; path = "UILabel+AUUTheme.m"; sourceTree = "<group>"; };
		1CF045611E52CF0E00D836F5 /* UIButton+AUUTheme.h */ = {isa = PBXFileReference; fileEncoding = 4; lastKnownFileType = sourcecode.c.h; path = "UIButton+AUUTheme.h"; sourceTree = "<group>"; };
		1CF045621E52CF0E00D836F5 /* UIButton+AUUTheme.m */ = {isa = PBXFileReference; fileEncoding = 4; lastKnownFileType = sourcecode.c.objc; path = "UIButton+AUUTheme.m"; sourceTree = "<group>"; };
		1CF045641E52CF2200D836F5 /* UISegmentedControl+AUUTheme.h */ = {isa = PBXFileReference; fileEncoding = 4; lastKnownFileType = sourcecode.c.h; path = "UISegmentedControl+AUUTheme.h"; sourceTree = "<group>"; };
		1CF045651E52CF2200D836F5 /* UISegmentedControl+AUUTheme.m */ = {isa = PBXFileReference; fileEncoding = 4; lastKnownFileType = sourcecode.c.objc; path = "UISegmentedControl+AUUTheme.m"; sourceTree = "<group>"; };
		1CF045671E52CF5600D836F5 /* UITextField+AUUTheme.h */ = {isa = PBXFileReference; fileEncoding = 4; lastKnownFileType = sourcecode.c.h; path = "UITextField+AUUTheme.h"; sourceTree = "<group>"; };
		1CF0456A1E52CF6300D836F5 /* UITextView+AUUTheme.h */ = {isa = PBXFileReference; fileEncoding = 4; lastKnownFileType = sourcecode.c.h; path = "UITextView+AUUTheme.h"; sourceTree = "<group>"; };
		1CF0456B1E52CF6300D836F5 /* UITextView+AUUTheme.m */ = {isa = PBXFileReference; fileEncoding = 4; lastKnownFileType = sourcecode.c.objc; path = "UITextView+AUUTheme.m"; sourceTree = "<group>"; };
		1CF045701E52CF9D00D836F5 /* UISwitch+AUUTheme.h */ = {isa = PBXFileReference; fileEncoding = 4; lastKnownFileType = sourcecode.c.h; path = "UISwitch+AUUTheme.h"; sourceTree = "<group>"; };
		1CF045711E52CF9D00D836F5 /* UISwitch+AUUTheme.m */ = {isa = PBXFileReference; fileEncoding = 4; lastKnownFileType = sourcecode.c.objc; path = "UISwitch+AUUTheme.m"; sourceTree = "<group>"; };
		1CF045731E52D03800D836F5 /* UIImage+AUUTheme.h */ = {isa = PBXFileReference; fileEncoding = 4; lastKnownFileType = sourcecode.c.h; path = "UIImage+AUUTheme.h"; sourceTree = "<group>"; };
		1CF045741E52D03800D836F5 /* UIImage+AUUTheme.m */ = {isa = PBXFileReference; fileEncoding = 4; lastKnownFileType = sourcecode.c.objc; path = "UIImage+AUUTheme.m"; sourceTree = "<group>"; };
		1CF045761E52D06000D836F5 /* UIColor+AUUTheme.h */ = {isa = PBXFileReference; fileEncoding = 4; lastKnownFileType = sourcecode.c.h; path = "UIColor+AUUTheme.h"; sourceTree = "<group>"; };
		1CF045771E52D06000D836F5 /* UIColor+AUUTheme.m */ = {isa = PBXFileReference; fileEncoding = 4; lastKnownFileType = sourcecode.c.objc; path = "UIColor+AUUTheme.m"; sourceTree = "<group>"; };
		1CF045791E52D0CB00D836F5 /* NSObject+AUUTheme.h */ = {isa = PBXFileReference; fileEncoding = 4; lastKnownFileType = sourcecode.c.h; path = "NSObject+AUUTheme.h"; sourceTree = "<group>"; };
		1CF0457A1E52D0CB00D836F5 /* NSObject+AUUTheme.m */ = {isa = PBXFileReference; fileEncoding = 4; lastKnownFileType = sourcecode.c.objc; path = "NSObject+AUUTheme.m"; sourceTree = "<group>"; };
		1CF045801E52EEE400D836F5 /* UIImageView+AUUTheme.h */ = {isa = PBXFileReference; fileEncoding = 4; lastKnownFileType = sourcecode.c.h; path = "UIImageView+AUUTheme.h"; sourceTree = "<group>"; };
		1CF0458B1E52F2FA00D836F5 /* 11.jpg */ = {isa = PBXFileReference; lastKnownFileType = image.jpeg; path = 11.jpg; sourceTree = "<group>"; };
		1CF0458C1E52F2FA00D836F5 /* 33.jpg */ = {isa = PBXFileReference; lastKnownFileType = image.jpeg; path = 33.jpg; sourceTree = "<group>"; };
/* End PBXFileReference section */

/* Begin PBXFrameworksBuildPhase section */
		1CF044941E51A6CF00D836F5 /* Frameworks */ = {
			isa = PBXFrameworksBuildPhase;
			buildActionMask = 2147483647;
			files = (
			);
			runOnlyForDeploymentPostprocessing = 0;
		};
		1CF044AD1E51A6CF00D836F5 /* Frameworks */ = {
			isa = PBXFrameworksBuildPhase;
			buildActionMask = 2147483647;
			files = (
			);
			runOnlyForDeploymentPostprocessing = 0;
		};
/* End PBXFrameworksBuildPhase section */

/* Begin PBXGroup section */
		1CF0448E1E51A6CF00D836F5 = {
			isa = PBXGroup;
			children = (
				1CF044991E51A6CF00D836F5 /* ThemeTest */,
				1CF044B31E51A6CF00D836F5 /* ThemeTestUITests */,
				1CF044981E51A6CF00D836F5 /* Products */,
			);
			sourceTree = "<group>";
		};
		1CF044981E51A6CF00D836F5 /* Products */ = {
			isa = PBXGroup;
			children = (
				1CF044971E51A6CF00D836F5 /* ThemeTest.app */,
				1CF044B01E51A6CF00D836F5 /* ThemeTestUITests.xctest */,
			);
			name = Products;
			sourceTree = "<group>";
		};
		1CF044991E51A6CF00D836F5 /* ThemeTest */ = {
			isa = PBXGroup;
			children = (
				1CF0449D1E51A6CF00D836F5 /* AppDelegate.h */,
				1CF0449E1E51A6CF00D836F5 /* AppDelegate.m */,
				1CF044A01E51A6CF00D836F5 /* ViewController.h */,
				1CF044A11E51A6CF00D836F5 /* ViewController.m */,
				1CF044C21E51A7A800D836F5 /* AUUThemeConstants.h */,
				1CF044C31E51A7A800D836F5 /* AUUThemeConstants.m */,
				1C9050591E5F391200B95641 /* AUUTestThemeManager.h */,
				1C90505A1E5F391200B95641 /* AUUTestThemeManager.m */,
				1C90505C1E5F39AF00B95641 /* AUUThemeModel.h */,
				1C90505D1E5F39AF00B95641 /* AUUThemeModel.m */,
				1CF0458B1E52F2FA00D836F5 /* 11.jpg */,
				1CF0458C1E52F2FA00D836F5 /* 33.jpg */,
				1CF045381E51B7A700D836F5 /* Themes */,
				1CF044BF1E51A78A00D836F5 /* AUUTheme */,
				1CF044A31E51A6CF00D836F5 /* Main.storyboard */,
				1CF044A61E51A6CF00D836F5 /* Assets.xcassets */,
				1CF044A81E51A6CF00D836F5 /* LaunchScreen.storyboard */,
				1CF044AB1E51A6CF00D836F5 /* Info.plist */,
				1CF0449A1E51A6CF00D836F5 /* Supporting Files */,
			);
			path = ThemeTest;
			sourceTree = "<group>";
		};
		1CF0449A1E51A6CF00D836F5 /* Supporting Files */ = {
			isa = PBXGroup;
			children = (
				1CF0449B1E51A6CF00D836F5 /* main.m */,
			);
			name = "Supporting Files";
			sourceTree = "<group>";
		};
		1CF044B31E51A6CF00D836F5 /* ThemeTestUITests */ = {
			isa = PBXGroup;
			children = (
				1CF044B41E51A6CF00D836F5 /* ThemeTestUITests.m */,
				1CF044B61E51A6CF00D836F5 /* Info.plist */,
			);
			path = ThemeTestUITests;
			sourceTree = "<group>";
		};
		1CF044BF1E51A78A00D836F5 /* AUUTheme */ = {
			isa = PBXGroup;
			children = (
				1CF044CA1E51A7FD00D836F5 /* AUUThemeKits.h */,
				1CF044C61E51A7D600D836F5 /* AUUThemeManager.h */,
				1CF044C71E51A7D600D836F5 /* AUUThemeManager.m */,
				1CF045441E52CE0000D836F5 /* Kits */,
				1CF045491E52CE0000D836F5 /* ThemeTools */,
			);
			path = AUUTheme;
			sourceTree = "<group>";
		};
		1CF045381E51B7A700D836F5 /* Themes */ = {
			isa = PBXGroup;
			children = (
				1CF045391E51B7A700D836F5 /* LocalBlackTheme.bundle */,
				1CF0453A1E51B7A700D836F5 /* LocalWhiteTheme.bundle */,
			);
			path = Themes;
			sourceTree = "<group>";
		};
		1CF045441E52CE0000D836F5 /* Kits */ = {
			isa = PBXGroup;
			children = (
				1CF0455B1E52CEF200D836F5 /* UIView+AUUTheme.h */,
				1CF0455C1E52CEF200D836F5 /* UIView+AUUTheme.m */,
				1CF0455E1E52CF0200D836F5 /* UILabel+AUUTheme.h */,
				1CF0455F1E52CF0200D836F5 /* UILabel+AUUTheme.m */,
				1CF045611E52CF0E00D836F5 /* UIButton+AUUTheme.h */,
				1CF045621E52CF0E00D836F5 /* UIButton+AUUTheme.m */,
				1CF045641E52CF2200D836F5 /* UISegmentedControl+AUUTheme.h */,
				1CF045651E52CF2200D836F5 /* UISegmentedControl+AUUTheme.m */,
				1CF045671E52CF5600D836F5 /* UITextField+AUUTheme.h */,
				1C9050611E5F44B500B95641 /* UITextField+AUUTheme.m */,
				1CF0456A1E52CF6300D836F5 /* UITextView+AUUTheme.h */,
				1CF0456B1E52CF6300D836F5 /* UITextView+AUUTheme.m */,
				1CF045701E52CF9D00D836F5 /* UISwitch+AUUTheme.h */,
				1CF045711E52CF9D00D836F5 /* UISwitch+AUUTheme.m */,
				1CF045801E52EEE400D836F5 /* UIImageView+AUUTheme.h */,
				1C90505F1E5F449500B95641 /* UIImageView+AUUTheme.m */,
				1C9050491E5DF60400B95641 /* UIToolbar+AUUTheme.h */,
				1C90504A1E5DF60400B95641 /* UIToolbar+AUUTheme.m */,
				1C90504C1E5F1FA500B95641 /* UITableViewHeaderFooterView+AUUTheme.h */,
				1C90504D1E5F1FA500B95641 /* UITableViewHeaderFooterView+AUUTheme.m */,
				1C9050551E5F269300B95641 /* UITabBar+AUUTheme.h */,
				1C9050561E5F269300B95641 /* UITabBar+AUUTheme.m */,
			);
			path = Kits;
			sourceTree = "<group>";
		};
		1CF045491E52CE0000D836F5 /* ThemeTools */ = {
			isa = PBXGroup;
			children = (
				1CF045791E52D0CB00D836F5 /* NSObject+AUUTheme.h */,
				1CF0457A1E52D0CB00D836F5 /* NSObject+AUUTheme.m */,
				1C9050461E5DDFF800B95641 /* NSString+AUUTheme.h */,
				1C9050471E5DDFF800B95641 /* NSString+AUUTheme.m */,
				1CF045731E52D03800D836F5 /* UIImage+AUUTheme.h */,
				1CF045741E52D03800D836F5 /* UIImage+AUUTheme.m */,
				1CF045761E52D06000D836F5 /* UIColor+AUUTheme.h */,
				1CF045771E52D06000D836F5 /* UIColor+AUUTheme.m */,
				1C9050401E5C939B00B95641 /* NSObject+AUUMethodCache.h */,
				1C9050411E5C939B00B95641 /* NSObject+AUUMethodCache.m */,
			);
			name = ThemeTools;
			path = Tools;
			sourceTree = "<group>";
		};
/* End PBXGroup section */

/* Begin PBXNativeTarget section */
		1CF044961E51A6CF00D836F5 /* ThemeTest */ = {
			isa = PBXNativeTarget;
			buildConfigurationList = 1CF044B91E51A6CF00D836F5 /* Build configuration list for PBXNativeTarget "ThemeTest" */;
			buildPhases = (
				1CF044931E51A6CF00D836F5 /* Sources */,
				1CF044941E51A6CF00D836F5 /* Frameworks */,
				1CF044951E51A6CF00D836F5 /* Resources */,
			);
			buildRules = (
			);
			dependencies = (
			);
			name = ThemeTest;
			productName = ThemeTest;
			productReference = 1CF044971E51A6CF00D836F5 /* ThemeTest.app */;
			productType = "com.apple.product-type.application";
		};
		1CF044AF1E51A6CF00D836F5 /* ThemeTestUITests */ = {
			isa = PBXNativeTarget;
			buildConfigurationList = 1CF044BC1E51A6CF00D836F5 /* Build configuration list for PBXNativeTarget "ThemeTestUITests" */;
			buildPhases = (
				1CF044AC1E51A6CF00D836F5 /* Sources */,
				1CF044AD1E51A6CF00D836F5 /* Frameworks */,
				1CF044AE1E51A6CF00D836F5 /* Resources */,
			);
			buildRules = (
			);
			dependencies = (
				1CF044B21E51A6CF00D836F5 /* PBXTargetDependency */,
			);
			name = ThemeTestUITests;
			productName = ThemeTestUITests;
			productReference = 1CF044B01E51A6CF00D836F5 /* ThemeTestUITests.xctest */;
			productType = "com.apple.product-type.bundle.ui-testing";
		};
/* End PBXNativeTarget section */

/* Begin PBXProject section */
		1CF0448F1E51A6CF00D836F5 /* Project object */ = {
			isa = PBXProject;
			attributes = {
				LastUpgradeCheck = 0820;
				ORGANIZATIONNAME = JyHu;
				TargetAttributes = {
					1CF044961E51A6CF00D836F5 = {
						CreatedOnToolsVersion = 8.2.1;
						ProvisioningStyle = Automatic;
					};
					1CF044AF1E51A6CF00D836F5 = {
						CreatedOnToolsVersion = 8.2.1;
						ProvisioningStyle = Automatic;
						TestTargetID = 1CF044961E51A6CF00D836F5;
					};
				};
			};
			buildConfigurationList = 1CF044921E51A6CF00D836F5 /* Build configuration list for PBXProject "ThemeTest" */;
			compatibilityVersion = "Xcode 3.2";
			developmentRegion = English;
			hasScannedForEncodings = 0;
			knownRegions = (
				en,
				Base,
			);
			mainGroup = 1CF0448E1E51A6CF00D836F5;
			productRefGroup = 1CF044981E51A6CF00D836F5 /* Products */;
			projectDirPath = "";
			projectRoot = "";
			targets = (
				1CF044961E51A6CF00D836F5 /* ThemeTest */,
				1CF044AF1E51A6CF00D836F5 /* ThemeTestUITests */,
			);
		};
/* End PBXProject section */

/* Begin PBXResourcesBuildPhase section */
		1CF044951E51A6CF00D836F5 /* Resources */ = {
			isa = PBXResourcesBuildPhase;
			buildActionMask = 2147483647;
			files = (
				1CF044AA1E51A6CF00D836F5 /* LaunchScreen.storyboard in Resources */,
				1CF0453C1E51B7A700D836F5 /* LocalWhiteTheme.bundle in Resources */,
				1CF0453B1E51B7A700D836F5 /* LocalBlackTheme.bundle in Resources */,
				1CF0458D1E52F2FA00D836F5 /* 11.jpg in Resources */,
				1CF0458E1E52F2FA00D836F5 /* 33.jpg in Resources */,
				1CF044A71E51A6CF00D836F5 /* Assets.xcassets in Resources */,
				1CF044A51E51A6CF00D836F5 /* Main.storyboard in Resources */,
			);
			runOnlyForDeploymentPostprocessing = 0;
		};
		1CF044AE1E51A6CF00D836F5 /* Resources */ = {
			isa = PBXResourcesBuildPhase;
			buildActionMask = 2147483647;
			files = (
			);
			runOnlyForDeploymentPostprocessing = 0;
		};
/* End PBXResourcesBuildPhase section */

/* Begin PBXSourcesBuildPhase section */
		1CF044931E51A6CF00D836F5 /* Sources */ = {
			isa = PBXSourcesBuildPhase;
			buildActionMask = 2147483647;
			files = (
				1CF045781E52D06000D836F5 /* UIColor+AUUTheme.m in Sources */,
				1C90505B1E5F391200B95641 /* AUUTestThemeManager.m in Sources */,
				1C9050571E5F269300B95641 /* UITabBar+AUUTheme.m in Sources */,
				1CF044C81E51A7D600D836F5 /* AUUThemeManager.m in Sources */,
				1C90504E1E5F1FA500B95641 /* UITableViewHeaderFooterView+AUUTheme.m in Sources */,
				1C90505E1E5F39AF00B95641 /* AUUThemeModel.m in Sources */,
				1C9050481E5DDFF800B95641 /* NSString+AUUTheme.m in Sources */,
				1CF044A21E51A6CF00D836F5 /* ViewController.m in Sources */,
				1CF045631E52CF0E00D836F5 /* UIButton+AUUTheme.m in Sources */,
				1CF044C41E51A7A800D836F5 /* AUUThemeConstants.m in Sources */,
				1C90504B1E5DF60400B95641 /* UIToolbar+AUUTheme.m in Sources */,
				1C9050621E5F44B500B95641 /* UITextField+AUUTheme.m in Sources */,
				1CF045601E52CF0200D836F5 /* UILabel+AUUTheme.m in Sources */,
				1CF0449F1E51A6CF00D836F5 /* AppDelegate.m in Sources */,
				1C9050421E5C939B00B95641 /* NSObject+AUUMethodCache.m in Sources */,
				1CF0457B1E52D0CB00D836F5 /* NSObject+AUUTheme.m in Sources */,
				1CF045661E52CF2200D836F5 /* UISegmentedControl+AUUTheme.m in Sources */,
				1CF0455D1E52CEF200D836F5 /* UIView+AUUTheme.m in Sources */,
				1C9050601E5F449500B95641 /* UIImageView+AUUTheme.m in Sources */,
				1CF0449C1E51A6CF00D836F5 /* main.m in Sources */,
				1CF045751E52D03800D836F5 /* UIImage+AUUTheme.m in Sources */,
				1CF0456C1E52CF6300D836F5 /* UITextView+AUUTheme.m in Sources */,
				1CF045721E52CF9D00D836F5 /* UISwitch+AUUTheme.m in Sources */,
			);
			runOnlyForDeploymentPostprocessing = 0;
		};
		1CF044AC1E51A6CF00D836F5 /* Sources */ = {
			isa = PBXSourcesBuildPhase;
			buildActionMask = 2147483647;
			files = (
				1CF044B51E51A6CF00D836F5 /* ThemeTestUITests.m in Sources */,
			);
			runOnlyForDeploymentPostprocessing = 0;
		};
/* End PBXSourcesBuildPhase section */

/* Begin PBXTargetDependency section */
		1CF044B21E51A6CF00D836F5 /* PBXTargetDependency */ = {
			isa = PBXTargetDependency;
			target = 1CF044961E51A6CF00D836F5 /* ThemeTest */;
			targetProxy = 1CF044B11E51A6CF00D836F5 /* PBXContainerItemProxy */;
		};
/* End PBXTargetDependency section */

/* Begin PBXVariantGroup section */
		1CF044A31E51A6CF00D836F5 /* Main.storyboard */ = {
			isa = PBXVariantGroup;
			children = (
				1CF044A41E51A6CF00D836F5 /* Base */,
			);
			name = Main.storyboard;
			sourceTree = "<group>";
		};
		1CF044A81E51A6CF00D836F5 /* LaunchScreen.storyboard */ = {
			isa = PBXVariantGroup;
			children = (
				1CF044A91E51A6CF00D836F5 /* Base */,
			);
			name = LaunchScreen.storyboard;
			sourceTree = "<group>";
		};
/* End PBXVariantGroup section */

/* Begin XCBuildConfiguration section */
		1CF044B71E51A6CF00D836F5 /* Debug */ = {
			isa = XCBuildConfiguration;
			buildSettings = {
				ALWAYS_SEARCH_USER_PATHS = NO;
				CLANG_ANALYZER_NONNULL = YES;
				CLANG_CXX_LANGUAGE_STANDARD = "gnu++0x";
				CLANG_CXX_LIBRARY = "libc++";
				CLANG_ENABLE_MODULES = YES;
				CLANG_ENABLE_OBJC_ARC = YES;
				CLANG_WARN_BOOL_CONVERSION = YES;
				CLANG_WARN_CONSTANT_CONVERSION = YES;
				CLANG_WARN_DIRECT_OBJC_ISA_USAGE = YES_ERROR;
				CLANG_WARN_DOCUMENTATION_COMMENTS = YES;
				CLANG_WARN_EMPTY_BODY = YES;
				CLANG_WARN_ENUM_CONVERSION = YES;
				CLANG_WARN_INFINITE_RECURSION = YES;
				CLANG_WARN_INT_CONVERSION = YES;
				CLANG_WARN_OBJC_ROOT_CLASS = YES_ERROR;
				CLANG_WARN_SUSPICIOUS_MOVE = YES;
				CLANG_WARN_UNREACHABLE_CODE = YES;
				CLANG_WARN__DUPLICATE_METHOD_MATCH = YES;
				"CODE_SIGN_IDENTITY[sdk=iphoneos*]" = "iPhone Developer";
				COPY_PHASE_STRIP = NO;
				DEBUG_INFORMATION_FORMAT = dwarf;
				ENABLE_STRICT_OBJC_MSGSEND = YES;
				ENABLE_TESTABILITY = YES;
				GCC_C_LANGUAGE_STANDARD = gnu99;
				GCC_DYNAMIC_NO_PIC = NO;
				GCC_NO_COMMON_BLOCKS = YES;
				GCC_OPTIMIZATION_LEVEL = 0;
				GCC_PREPROCESSOR_DEFINITIONS = (
					"DEBUG=1",
					"$(inherited)",
				);
				GCC_WARN_64_TO_32_BIT_CONVERSION = YES;
				GCC_WARN_ABOUT_RETURN_TYPE = YES_ERROR;
				GCC_WARN_UNDECLARED_SELECTOR = YES;
				GCC_WARN_UNINITIALIZED_AUTOS = YES_AGGRESSIVE;
				GCC_WARN_UNUSED_FUNCTION = YES;
				GCC_WARN_UNUSED_VARIABLE = YES;
				IPHONEOS_DEPLOYMENT_TARGET = 8.0;
				MTL_ENABLE_DEBUG_INFO = YES;
				ONLY_ACTIVE_ARCH = YES;
				SDKROOT = iphoneos;
				TARGETED_DEVICE_FAMILY = "1,2";
			};
			name = Debug;
		};
		1CF044B81E51A6CF00D836F5 /* Release */ = {
			isa = XCBuildConfiguration;
			buildSettings = {
				ALWAYS_SEARCH_USER_PATHS = NO;
				CLANG_ANALYZER_NONNULL = YES;
				CLANG_CXX_LANGUAGE_STANDARD = "gnu++0x";
				CLANG_CXX_LIBRARY = "libc++";
				CLANG_ENABLE_MODULES = YES;
				CLANG_ENABLE_OBJC_ARC = YES;
				CLANG_WARN_BOOL_CONVERSION = YES;
				CLANG_WARN_CONSTANT_CONVERSION = YES;
				CLANG_WARN_DIRECT_OBJC_ISA_USAGE = YES_ERROR;
				CLANG_WARN_DOCUMENTATION_COMMENTS = YES;
				CLANG_WARN_EMPTY_BODY = YES;
				CLANG_WARN_ENUM_CONVERSION = YES;
				CLANG_WARN_INFINITE_RECURSION = YES;
				CLANG_WARN_INT_CONVERSION = YES;
				CLANG_WARN_OBJC_ROOT_CLASS = YES_ERROR;
				CLANG_WARN_SUSPICIOUS_MOVE = YES;
				CLANG_WARN_UNREACHABLE_CODE = YES;
				CLANG_WARN__DUPLICATE_METHOD_MATCH = YES;
				"CODE_SIGN_IDENTITY[sdk=iphoneos*]" = "iPhone Developer";
				COPY_PHASE_STRIP = NO;
				DEBUG_INFORMATION_FORMAT = "dwarf-with-dsym";
				ENABLE_NS_ASSERTIONS = NO;
				ENABLE_STRICT_OBJC_MSGSEND = YES;
				GCC_C_LANGUAGE_STANDARD = gnu99;
				GCC_NO_COMMON_BLOCKS = YES;
				GCC_WARN_64_TO_32_BIT_CONVERSION = YES;
				GCC_WARN_ABOUT_RETURN_TYPE = YES_ERROR;
				GCC_WARN_UNDECLARED_SELECTOR = YES;
				GCC_WARN_UNINITIALIZED_AUTOS = YES_AGGRESSIVE;
				GCC_WARN_UNUSED_FUNCTION = YES;
				GCC_WARN_UNUSED_VARIABLE = YES;
				IPHONEOS_DEPLOYMENT_TARGET = 8.0;
				MTL_ENABLE_DEBUG_INFO = NO;
				SDKROOT = iphoneos;
				TARGETED_DEVICE_FAMILY = "1,2";
				VALIDATE_PRODUCT = YES;
			};
			name = Release;
		};
		1CF044BA1E51A6CF00D836F5 /* Debug */ = {
			isa = XCBuildConfiguration;
			buildSettings = {
				ASSETCATALOG_COMPILER_APPICON_NAME = AppIcon;
				INFOPLIST_FILE = ThemeTest/Info.plist;
				IPHONEOS_DEPLOYMENT_TARGET = 8.0;
				LD_RUNPATH_SEARCH_PATHS = "$(inherited) @executable_path/Frameworks";
				PRODUCT_BUNDLE_IDENTIFIER = com.jyhu.ThemeTest;
				PRODUCT_NAME = "$(TARGET_NAME)";
			};
			name = Debug;
		};
		1CF044BB1E51A6CF00D836F5 /* Release */ = {
			isa = XCBuildConfiguration;
			buildSettings = {
				ASSETCATALOG_COMPILER_APPICON_NAME = AppIcon;
				INFOPLIST_FILE = ThemeTest/Info.plist;
				IPHONEOS_DEPLOYMENT_TARGET = 8.0;
				LD_RUNPATH_SEARCH_PATHS = "$(inherited) @executable_path/Frameworks";
				PRODUCT_BUNDLE_IDENTIFIER = com.jyhu.ThemeTest;
				PRODUCT_NAME = "$(TARGET_NAME)";
			};
			name = Release;
		};
		1CF044BD1E51A6CF00D836F5 /* Debug */ = {
			isa = XCBuildConfiguration;
			buildSettings = {
				INFOPLIST_FILE = ThemeTestUITests/Info.plist;
				LD_RUNPATH_SEARCH_PATHS = "$(inherited) @executable_path/Frameworks @loader_path/Frameworks";
				PRODUCT_BUNDLE_IDENTIFIER = com.jyhu.ThemeTestUITests;
				PRODUCT_NAME = "$(TARGET_NAME)";
				TEST_TARGET_NAME = ThemeTest;
			};
			name = Debug;
		};
		1CF044BE1E51A6CF00D836F5 /* Release */ = {
			isa = XCBuildConfiguration;
			buildSettings = {
				INFOPLIST_FILE = ThemeTestUITests/Info.plist;
				LD_RUNPATH_SEARCH_PATHS = "$(inherited) @executable_path/Frameworks @loader_path/Frameworks";
				PRODUCT_BUNDLE_IDENTIFIER = com.jyhu.ThemeTestUITests;
				PRODUCT_NAME = "$(TARGET_NAME)";
				TEST_TARGET_NAME = ThemeTest;
			};
			name = Release;
		};
/* End XCBuildConfiguration section */

/* Begin XCConfigurationList section */
		1CF044921E51A6CF00D836F5 /* Build configuration list for PBXProject "ThemeTest" */ = {
			isa = XCConfigurationList;
			buildConfigurations = (
				1CF044B71E51A6CF00D836F5 /* Debug */,
				1CF044B81E51A6CF00D836F5 /* Release */,
			);
			defaultConfigurationIsVisible = 0;
			defaultConfigurationName = Release;
		};
		1CF044B91E51A6CF00D836F5 /* Build configuration list for PBXNativeTarget "ThemeTest" */ = {
			isa = XCConfigurationList;
			buildConfigurations = (
				1CF044BA1E51A6CF00D836F5 /* Debug */,
				1CF044BB1E51A6CF00D836F5 /* Release */,
			);
			defaultConfigurationIsVisible = 0;
			defaultConfigurationName = Release;
		};
		1CF044BC1E51A6CF00D836F5 /* Build configuration list for PBXNativeTarget "ThemeTestUITests" */ = {
			isa = XCConfigurationList;
			buildConfigurations = (
				1CF044BD1E51A6CF00D836F5 /* Debug */,
				1CF044BE1E51A6CF00D836F5 /* Release */,
			);
			defaultConfigurationIsVisible = 0;
			defaultConfigurationName = Release;
		};
/* End XCConfigurationList section */
	};
	rootObject = 1CF0448F1E51A6CF00D836F5 /* Project object */;
}
